
Microsoft Visual Studio Solution File, Format Version 12.00
# Visual Studio Version 16
VisualStudioVersion = 16.0.31005.135
MinimumVisualStudioVersion = 10.0.40219.1
Project("{FAE04EC0-301F-11D3-BF4B-00C04F79EFBC}") = "ArticleEdit", "ArticleEdit\ArticleEdit.csproj", "{255D7CA1-9D40-43DD-B124-50DAC3157774}"
EndProject
Project("{FAE04EC0-301F-11D3-BF4B-00C04F79EFBC}") = "LngUIDGenerator", "LngUIDGenerator\LngUIDGenerator.csproj", "{6E654E9F-584B-4110-8FDC-F500B7FBAA9B}"
EndProject
Project("{FAE04EC0-301F-11D3-BF4B-00C04F79EFBC}") = "MKPRG.Naming", "MKPRG.Naming\MKPRG.Naming.csproj", "{EE9D24A7-80BF-4D6D-A164-2E49743386F8}"
EndProject
Project("{FAE04EC0-301F-11D3-BF4B-00C04F79EFBC}") = "MKPRG.Tracing", "MKPRG.Tracing\MKPRG.Tracing.csproj", "{E9D442D4-E7A9-49AA-89D3-9E459CD926B5}"
EndProject
Project("{FAE04EC0-301F-11D3-BF4B-00C04F79EFBC}") = "MKPRG.HTML", "MKPRG.HTML\MKPRG.HTML.csproj", "{3DD01775-84FA-4477-B14F-9E56E66F12D1}"
EndProject
Project("{FAE04EC0-301F-11D3-BF4B-00C04F79EFBC}") = "MKPRG.Tracing.DocuTerms.Formatter", "MKPRG.Tracing.DocuTerms.Formatter\MKPRG.Tracing.DocuTerms.Formatter.csproj", "{95FBF6BF-D93E-4F33-8812-C91898DAC12B}"
EndProject
Project("{FAE04EC0-301F-11D3-BF4B-00C04F79EFBC}") = "MKPRG.Trees", "MKPRG.Trees\MKPRG.Trees.csproj", "{78C789C2-AC8E-414C-AF72-D89E39D94BDA}"
EndProject
Project("{FAE04EC0-301F-11D3-BF4B-00C04F79EFBC}") = "MKPRG.Measures", "MKPRG.Measures\MKPRG.Measures.csproj", "{FD9C6F7B-BA9B-4B52-9855-E3B4930D3213}"
EndProject
Project("{FAE04EC0-301F-11D3-BF4B-00C04F79EFBC}") = "MKPRG.DatatypeHandling", "MKPRG.DatatypeHandling\MKPRG.DatatypeHandling.csproj", "{8BA09406-2A32-4476-81E8-2359A85E8E5D}"
EndProject
Project("{FAE04EC0-301F-11D3-BF4B-00C04F79EFBC}") = "MKPRG.CSSQL", "MKPRG.CSSQL\MKPRG.CSSQL.csproj", "{CFCBAEF7-4C2B-4E8B-A1BE-8DDF46EAB484}"
EndProject
Project("{FAE04EC0-301F-11D3-BF4B-00C04F79EFBC}") = "MKPRG.CSSQL.Test", "MKPRG.CSSQL.Test\MKPRG.CSSQL.Test.csproj", "{E77B3224-0CE7-4861-8B80-43EDC9FE8D50}"
EndProject
Project("{FAE04EC0-301F-11D3-BF4B-00C04F79EFBC}") = "MKPRG.MSSQLServer", "MKPRG.MSSQLServer\MKPRG.MSSQLServer.csproj", "{AAE1B9BB-282C-4AEB-8870-1F5682D5BE5F}"
EndProject
Project("{FAE04EC0-301F-11D3-BF4B-00C04F79EFBC}") = "MKPRG.Woc", "MKPRG.Woc\MKPRG.Woc.csproj", "{3658AD4A-9FBF-4687-B698-00D46C24C144}"
EndProject
Project("{FAE04EC0-301F-11D3-BF4B-00C04F79EFBC}") = "MKPRG.Woc.Repos", "MKPRG.Woc.Repos\MKPRG.Woc.Repos.csproj", "{F4719E49-FC98-4628-B068-0A526639E693}"
EndProject
Project("{00D1A9C2-B5F0-4AF3-8072-F6C62B433612}") = "MKPRG.Woc.MsSqlDb", "MKPRG.Woc.MsSqlDb\MKPRG.Woc.MsSqlDb.sqlproj", "{B8D40655-26F0-4CB4-B82F-D6C2ED9724D2}"
EndProject
Project("{FAE04EC0-301F-11D3-BF4B-00C04F79EFBC}") = "TestWebViewControl", "TestWebViewControl\TestWebViewControl.csproj", "{69A9881B-2CDE-4D48-A7BC-C2AF30A4A59F}"
EndProject
Project("{FAE04EC0-301F-11D3-BF4B-00C04F79EFBC}") = "MKPRG.Tracing.DocuTerms.Test", "MKPRG.Tracing.DocuTerms.Test\MKPRG.Tracing.DocuTerms.Test.csproj", "{F7ECE3EE-B0C5-4692-A197-A4CCAEF40B81}"
EndProject
Global
	GlobalSection(SolutionConfigurationPlatforms) = preSolution
		Beta|Any CPU = Beta|Any CPU
		Beta|x86 = Beta|x86
		Debug_with_local_IIS|Any CPU = Debug_with_local_IIS|Any CPU
		Debug_with_local_IIS|x86 = Debug_with_local_IIS|x86
		Debug|Any CPU = Debug|Any CPU
		Debug|x86 = Debug|x86
		localIIS|Any CPU = localIIS|Any CPU
		localIIS|x86 = localIIS|x86
		Release|Any CPU = Release|Any CPU
		Release|x86 = Release|x86
	EndGlobalSection
	GlobalSection(ProjectConfigurationPlatforms) = postSolution
		{255D7CA1-9D40-43DD-B124-50DAC3157774}.Beta|Any CPU.ActiveCfg = Debug|Any CPU
		{255D7CA1-9D40-43DD-B124-50DAC3157774}.Beta|Any CPU.Build.0 = Debug|Any CPU
		{255D7CA1-9D40-43DD-B124-50DAC3157774}.Beta|x86.ActiveCfg = Release|Any CPU
		{255D7CA1-9D40-43DD-B124-50DAC3157774}.Beta|x86.Build.0 = Release|Any CPU
		{255D7CA1-9D40-43DD-B124-50DAC3157774}.Debug_with_local_IIS|Any CPU.ActiveCfg = Debug|Any CPU
		{255D7CA1-9D40-43DD-B124-50DAC3157774}.Debug_with_local_IIS|Any CPU.Build.0 = Debug|Any CPU
		{255D7CA1-9D40-43DD-B124-50DAC3157774}.Debug_with_local_IIS|x86.ActiveCfg = Debug|Any CPU
		{255D7CA1-9D40-43DD-B124-50DAC3157774}.Debug_with_local_IIS|x86.Build.0 = Debug|Any CPU
		{255D7CA1-9D40-43DD-B124-50DAC3157774}.Debug|Any CPU.ActiveCfg = Debug|Any CPU
		{255D7CA1-9D40-43DD-B124-50DAC3157774}.Debug|Any CPU.Build.0 = Debug|Any CPU
		{255D7CA1-9D40-43DD-B124-50DAC3157774}.Debug|x86.ActiveCfg = Debug|Any CPU
		{255D7CA1-9D40-43DD-B124-50DAC3157774}.Debug|x86.Build.0 = Debug|Any CPU
		{255D7CA1-9D40-43DD-B124-50DAC3157774}.localIIS|Any CPU.ActiveCfg = Release|Any CPU
		{255D7CA1-9D40-43DD-B124-50DAC3157774}.localIIS|Any CPU.Build.0 = Release|Any CPU
		{255D7CA1-9D40-43DD-B124-50DAC3157774}.localIIS|x86.ActiveCfg = Release|Any CPU
		{255D7CA1-9D40-43DD-B124-50DAC3157774}.localIIS|x86.Build.0 = Release|Any CPU
		{255D7CA1-9D40-43DD-B124-50DAC3157774}.Release|Any CPU.ActiveCfg = Release|Any CPU
		{255D7CA1-9D40-43DD-B124-50DAC3157774}.Release|Any CPU.Build.0 = Release|Any CPU
		{255D7CA1-9D40-43DD-B124-50DAC3157774}.Release|x86.ActiveCfg = Release|Any CPU
		{255D7CA1-9D40-43DD-B124-50DAC3157774}.Release|x86.Build.0 = Release|Any CPU
		{6E654E9F-584B-4110-8FDC-F500B7FBAA9B}.Beta|Any CPU.ActiveCfg = Debug|Any CPU
		{6E654E9F-584B-4110-8FDC-F500B7FBAA9B}.Beta|Any CPU.Build.0 = Debug|Any CPU
		{6E654E9F-584B-4110-8FDC-F500B7FBAA9B}.Beta|x86.ActiveCfg = Release|Any CPU
		{6E654E9F-584B-4110-8FDC-F500B7FBAA9B}.Beta|x86.Build.0 = Release|Any CPU
		{6E654E9F-584B-4110-8FDC-F500B7FBAA9B}.Debug_with_local_IIS|Any CPU.ActiveCfg = Debug|Any CPU
		{6E654E9F-584B-4110-8FDC-F500B7FBAA9B}.Debug_with_local_IIS|Any CPU.Build.0 = Debug|Any CPU
		{6E654E9F-584B-4110-8FDC-F500B7FBAA9B}.Debug_with_local_IIS|x86.ActiveCfg = Debug|Any CPU
		{6E654E9F-584B-4110-8FDC-F500B7FBAA9B}.Debug_with_local_IIS|x86.Build.0 = Debug|Any CPU
		{6E654E9F-584B-4110-8FDC-F500B7FBAA9B}.Debug|Any CPU.ActiveCfg = Debug|Any CPU
		{6E654E9F-584B-4110-8FDC-F500B7FBAA9B}.Debug|Any CPU.Build.0 = Debug|Any CPU
		{6E654E9F-584B-4110-8FDC-F500B7FBAA9B}.Debug|x86.ActiveCfg = Debug|Any CPU
		{6E654E9F-584B-4110-8FDC-F500B7FBAA9B}.Debug|x86.Build.0 = Debug|Any CPU
		{6E654E9F-584B-4110-8FDC-F500B7FBAA9B}.localIIS|Any CPU.ActiveCfg = Release|Any CPU
		{6E654E9F-584B-4110-8FDC-F500B7FBAA9B}.localIIS|Any CPU.Build.0 = Release|Any CPU
		{6E654E9F-584B-4110-8FDC-F500B7FBAA9B}.localIIS|x86.ActiveCfg = Release|Any CPU
		{6E654E9F-584B-4110-8FDC-F500B7FBAA9B}.localIIS|x86.Build.0 = Release|Any CPU
		{6E654E9F-584B-4110-8FDC-F500B7FBAA9B}.Release|Any CPU.ActiveCfg = Release|Any CPU
		{6E654E9F-584B-4110-8FDC-F500B7FBAA9B}.Release|Any CPU.Build.0 = Release|Any CPU
		{6E654E9F-584B-4110-8FDC-F500B7FBAA9B}.Release|x86.ActiveCfg = Release|Any CPU
		{6E654E9F-584B-4110-8FDC-F500B7FBAA9B}.Release|x86.Build.0 = Release|Any CPU
		{EE9D24A7-80BF-4D6D-A164-2E49743386F8}.Beta|Any CPU.ActiveCfg = Debug|Any CPU
		{EE9D24A7-80BF-4D6D-A164-2E49743386F8}.Beta|Any CPU.Build.0 = Debug|Any CPU
		{EE9D24A7-80BF-4D6D-A164-2E49743386F8}.Beta|x86.ActiveCfg = Release|Any CPU
		{EE9D24A7-80BF-4D6D-A164-2E49743386F8}.Beta|x86.Build.0 = Release|Any CPU
		{EE9D24A7-80BF-4D6D-A164-2E49743386F8}.Debug_with_local_IIS|Any CPU.ActiveCfg = Debug|Any CPU
		{EE9D24A7-80BF-4D6D-A164-2E49743386F8}.Debug_with_local_IIS|Any CPU.Build.0 = Debug|Any CPU
		{EE9D24A7-80BF-4D6D-A164-2E49743386F8}.Debug_with_local_IIS|x86.ActiveCfg = Debug|Any CPU
		{EE9D24A7-80BF-4D6D-A164-2E49743386F8}.Debug_with_local_IIS|x86.Build.0 = Debug|Any CPU
		{EE9D24A7-80BF-4D6D-A164-2E49743386F8}.Debug|Any CPU.ActiveCfg = Debug|Any CPU
		{EE9D24A7-80BF-4D6D-A164-2E49743386F8}.Debug|Any CPU.Build.0 = Debug|Any CPU
		{EE9D24A7-80BF-4D6D-A164-2E49743386F8}.Debug|x86.ActiveCfg = Debug|Any CPU
		{EE9D24A7-80BF-4D6D-A164-2E49743386F8}.Debug|x86.Build.0 = Debug|Any CPU
		{EE9D24A7-80BF-4D6D-A164-2E49743386F8}.localIIS|Any CPU.ActiveCfg = Release|Any CPU
		{EE9D24A7-80BF-4D6D-A164-2E49743386F8}.localIIS|Any CPU.Build.0 = Release|Any CPU
		{EE9D24A7-80BF-4D6D-A164-2E49743386F8}.localIIS|x86.ActiveCfg = Release|Any CPU
		{EE9D24A7-80BF-4D6D-A164-2E49743386F8}.localIIS|x86.Build.0 = Release|Any CPU
		{EE9D24A7-80BF-4D6D-A164-2E49743386F8}.Release|Any CPU.ActiveCfg = Release|Any CPU
		{EE9D24A7-80BF-4D6D-A164-2E49743386F8}.Release|Any CPU.Build.0 = Release|Any CPU
		{EE9D24A7-80BF-4D6D-A164-2E49743386F8}.Release|x86.ActiveCfg = Release|Any CPU
		{EE9D24A7-80BF-4D6D-A164-2E49743386F8}.Release|x86.Build.0 = Release|Any CPU
		{E9D442D4-E7A9-49AA-89D3-9E459CD926B5}.Beta|Any CPU.ActiveCfg = Debug|Any CPU
		{E9D442D4-E7A9-49AA-89D3-9E459CD926B5}.Beta|Any CPU.Build.0 = Debug|Any CPU
		{E9D442D4-E7A9-49AA-89D3-9E459CD926B5}.Beta|x86.ActiveCfg = Release|Any CPU
		{E9D442D4-E7A9-49AA-89D3-9E459CD926B5}.Beta|x86.Build.0 = Release|Any CPU
		{E9D442D4-E7A9-49AA-89D3-9E459CD926B5}.Debug_with_local_IIS|Any CPU.ActiveCfg = Debug|Any CPU
		{E9D442D4-E7A9-49AA-89D3-9E459CD926B5}.Debug_with_local_IIS|Any CPU.Build.0 = Debug|Any CPU
		{E9D442D4-E7A9-49AA-89D3-9E459CD926B5}.Debug_with_local_IIS|x86.ActiveCfg = Debug|Any CPU
		{E9D442D4-E7A9-49AA-89D3-9E459CD926B5}.Debug_with_local_IIS|x86.Build.0 = Debug|Any CPU
		{E9D442D4-E7A9-49AA-89D3-9E459CD926B5}.Debug|Any CPU.ActiveCfg = Debug|Any CPU
		{E9D442D4-E7A9-49AA-89D3-9E459CD926B5}.Debug|Any CPU.Build.0 = Debug|Any CPU
		{E9D442D4-E7A9-49AA-89D3-9E459CD926B5}.Debug|x86.ActiveCfg = Debug|Any CPU
		{E9D442D4-E7A9-49AA-89D3-9E459CD926B5}.Debug|x86.Build.0 = Debug|Any CPU
		{E9D442D4-E7A9-49AA-89D3-9E459CD926B5}.localIIS|Any CPU.ActiveCfg = Release|Any CPU
		{E9D442D4-E7A9-49AA-89D3-9E459CD926B5}.localIIS|Any CPU.Build.0 = Release|Any CPU
		{E9D442D4-E7A9-49AA-89D3-9E459CD926B5}.localIIS|x86.ActiveCfg = Release|Any CPU
		{E9D442D4-E7A9-49AA-89D3-9E459CD926B5}.localIIS|x86.Build.0 = Release|Any CPU
		{E9D442D4-E7A9-49AA-89D3-9E459CD926B5}.Release|Any CPU.ActiveCfg = Release|Any CPU
		{E9D442D4-E7A9-49AA-89D3-9E459CD926B5}.Release|Any CPU.Build.0 = Release|Any CPU
		{E9D442D4-E7A9-49AA-89D3-9E459CD926B5}.Release|x86.ActiveCfg = Release|Any CPU
		{E9D442D4-E7A9-49AA-89D3-9E459CD926B5}.Release|x86.Build.0 = Release|Any CPU
		{3DD01775-84FA-4477-B14F-9E56E66F12D1}.Beta|Any CPU.ActiveCfg = Debug|Any CPU
		{3DD01775-84FA-4477-B14F-9E56E66F12D1}.Beta|Any CPU.Build.0 = Debug|Any CPU
		{3DD01775-84FA-4477-B14F-9E56E66F12D1}.Beta|x86.ActiveCfg = Release|Any CPU
		{3DD01775-84FA-4477-B14F-9E56E66F12D1}.Beta|x86.Build.0 = Release|Any CPU
		{3DD01775-84FA-4477-B14F-9E56E66F12D1}.Debug_with_local_IIS|Any CPU.ActiveCfg = Debug|Any CPU
		{3DD01775-84FA-4477-B14F-9E56E66F12D1}.Debug_with_local_IIS|Any CPU.Build.0 = Debug|Any CPU
		{3DD01775-84FA-4477-B14F-9E56E66F12D1}.Debug_with_local_IIS|x86.ActiveCfg = Debug|Any CPU
		{3DD01775-84FA-4477-B14F-9E56E66F12D1}.Debug_with_local_IIS|x86.Build.0 = Debug|Any CPU
		{3DD01775-84FA-4477-B14F-9E56E66F12D1}.Debug|Any CPU.ActiveCfg = Debug|Any CPU
		{3DD01775-84FA-4477-B14F-9E56E66F12D1}.Debug|Any CPU.Build.0 = Debug|Any CPU
		{3DD01775-84FA-4477-B14F-9E56E66F12D1}.Debug|x86.ActiveCfg = Debug|Any CPU
		{3DD01775-84FA-4477-B14F-9E56E66F12D1}.Debug|x86.Build.0 = Debug|Any CPU
		{3DD01775-84FA-4477-B14F-9E56E66F12D1}.localIIS|Any CPU.ActiveCfg = Release|Any CPU
		{3DD01775-84FA-4477-B14F-9E56E66F12D1}.localIIS|Any CPU.Build.0 = Release|Any CPU
		{3DD01775-84FA-4477-B14F-9E56E66F12D1}.localIIS|x86.ActiveCfg = Release|Any CPU
		{3DD01775-84FA-4477-B14F-9E56E66F12D1}.localIIS|x86.Build.0 = Release|Any CPU
		{3DD01775-84FA-4477-B14F-9E56E66F12D1}.Release|Any CPU.ActiveCfg = Release|Any CPU
		{3DD01775-84FA-4477-B14F-9E56E66F12D1}.Release|Any CPU.Build.0 = Release|Any CPU
		{3DD01775-84FA-4477-B14F-9E56E66F12D1}.Release|x86.ActiveCfg = Release|Any CPU
		{3DD01775-84FA-4477-B14F-9E56E66F12D1}.Release|x86.Build.0 = Release|Any CPU
		{95FBF6BF-D93E-4F33-8812-C91898DAC12B}.Beta|Any CPU.ActiveCfg = Debug|Any CPU
		{95FBF6BF-D93E-4F33-8812-C91898DAC12B}.Beta|Any CPU.Build.0 = Debug|Any CPU
		{95FBF6BF-D93E-4F33-8812-C91898DAC12B}.Beta|x86.ActiveCfg = Release|Any CPU
		{95FBF6BF-D93E-4F33-8812-C91898DAC12B}.Beta|x86.Build.0 = Release|Any CPU
		{95FBF6BF-D93E-4F33-8812-C91898DAC12B}.Debug_with_local_IIS|Any CPU.ActiveCfg = Debug|Any CPU
		{95FBF6BF-D93E-4F33-8812-C91898DAC12B}.Debug_with_local_IIS|Any CPU.Build.0 = Debug|Any CPU
		{95FBF6BF-D93E-4F33-8812-C91898DAC12B}.Debug_with_local_IIS|x86.ActiveCfg = Debug|Any CPU
		{95FBF6BF-D93E-4F33-8812-C91898DAC12B}.Debug_with_local_IIS|x86.Build.0 = Debug|Any CPU
		{95FBF6BF-D93E-4F33-8812-C91898DAC12B}.Debug|Any CPU.ActiveCfg = Debug|Any CPU
		{95FBF6BF-D93E-4F33-8812-C91898DAC12B}.Debug|Any CPU.Build.0 = Debug|Any CPU
		{95FBF6BF-D93E-4F33-8812-C91898DAC12B}.Debug|x86.ActiveCfg = Debug|Any CPU
		{95FBF6BF-D93E-4F33-8812-C91898DAC12B}.Debug|x86.Build.0 = Debug|Any CPU
		{95FBF6BF-D93E-4F33-8812-C91898DAC12B}.localIIS|Any CPU.ActiveCfg = Release|Any CPU
		{95FBF6BF-D93E-4F33-8812-C91898DAC12B}.localIIS|Any CPU.Build.0 = Release|Any CPU
		{95FBF6BF-D93E-4F33-8812-C91898DAC12B}.localIIS|x86.ActiveCfg = Release|Any CPU
		{95FBF6BF-D93E-4F33-8812-C91898DAC12B}.localIIS|x86.Build.0 = Release|Any CPU
		{95FBF6BF-D93E-4F33-8812-C91898DAC12B}.Release|Any CPU.ActiveCfg = Release|Any CPU
		{95FBF6BF-D93E-4F33-8812-C91898DAC12B}.Release|Any CPU.Build.0 = Release|Any CPU
		{95FBF6BF-D93E-4F33-8812-C91898DAC12B}.Release|x86.ActiveCfg = Release|Any CPU
		{95FBF6BF-D93E-4F33-8812-C91898DAC12B}.Release|x86.Build.0 = Release|Any CPU
		{78C789C2-AC8E-414C-AF72-D89E39D94BDA}.Beta|Any CPU.ActiveCfg = Debug|Any CPU
		{78C789C2-AC8E-414C-AF72-D89E39D94BDA}.Beta|Any CPU.Build.0 = Debug|Any CPU
		{78C789C2-AC8E-414C-AF72-D89E39D94BDA}.Beta|x86.ActiveCfg = Release|Any CPU
		{78C789C2-AC8E-414C-AF72-D89E39D94BDA}.Beta|x86.Build.0 = Release|Any CPU
		{78C789C2-AC8E-414C-AF72-D89E39D94BDA}.Debug_with_local_IIS|Any CPU.ActiveCfg = Debug|Any CPU
		{78C789C2-AC8E-414C-AF72-D89E39D94BDA}.Debug_with_local_IIS|Any CPU.Build.0 = Debug|Any CPU
		{78C789C2-AC8E-414C-AF72-D89E39D94BDA}.Debug_with_local_IIS|x86.ActiveCfg = Debug|Any CPU
		{78C789C2-AC8E-414C-AF72-D89E39D94BDA}.Debug_with_local_IIS|x86.Build.0 = Debug|Any CPU
		{78C789C2-AC8E-414C-AF72-D89E39D94BDA}.Debug|Any CPU.ActiveCfg = Debug|Any CPU
		{78C789C2-AC8E-414C-AF72-D89E39D94BDA}.Debug|Any CPU.Build.0 = Debug|Any CPU
		{78C789C2-AC8E-414C-AF72-D89E39D94BDA}.Debug|x86.ActiveCfg = Debug|Any CPU
		{78C789C2-AC8E-414C-AF72-D89E39D94BDA}.Debug|x86.Build.0 = Debug|Any CPU
		{78C789C2-AC8E-414C-AF72-D89E39D94BDA}.localIIS|Any CPU.ActiveCfg = Release|Any CPU
		{78C789C2-AC8E-414C-AF72-D89E39D94BDA}.localIIS|Any CPU.Build.0 = Release|Any CPU
		{78C789C2-AC8E-414C-AF72-D89E39D94BDA}.localIIS|x86.ActiveCfg = Release|Any CPU
		{78C789C2-AC8E-414C-AF72-D89E39D94BDA}.localIIS|x86.Build.0 = Release|Any CPU
		{78C789C2-AC8E-414C-AF72-D89E39D94BDA}.Release|Any CPU.ActiveCfg = Release|Any CPU
		{78C789C2-AC8E-414C-AF72-D89E39D94BDA}.Release|Any CPU.Build.0 = Release|Any CPU
		{78C789C2-AC8E-414C-AF72-D89E39D94BDA}.Release|x86.ActiveCfg = Release|Any CPU
		{78C789C2-AC8E-414C-AF72-D89E39D94BDA}.Release|x86.Build.0 = Release|Any CPU
		{FD9C6F7B-BA9B-4B52-9855-E3B4930D3213}.Beta|Any CPU.ActiveCfg = Debug|Any CPU
		{FD9C6F7B-BA9B-4B52-9855-E3B4930D3213}.Beta|Any CPU.Build.0 = Debug|Any CPU
		{FD9C6F7B-BA9B-4B52-9855-E3B4930D3213}.Beta|x86.ActiveCfg = Release|Any CPU
		{FD9C6F7B-BA9B-4B52-9855-E3B4930D3213}.Beta|x86.Build.0 = Release|Any CPU
		{FD9C6F7B-BA9B-4B52-9855-E3B4930D3213}.Debug_with_local_IIS|Any CPU.ActiveCfg = Debug|Any CPU
		{FD9C6F7B-BA9B-4B52-9855-E3B4930D3213}.Debug_with_local_IIS|Any CPU.Build.0 = Debug|Any CPU
		{FD9C6F7B-BA9B-4B52-9855-E3B4930D3213}.Debug_with_local_IIS|x86.ActiveCfg = Debug|Any CPU
		{FD9C6F7B-BA9B-4B52-9855-E3B4930D3213}.Debug_with_local_IIS|x86.Build.0 = Debug|Any CPU
		{FD9C6F7B-BA9B-4B52-9855-E3B4930D3213}.Debug|Any CPU.ActiveCfg = Debug|Any CPU
		{FD9C6F7B-BA9B-4B52-9855-E3B4930D3213}.Debug|Any CPU.Build.0 = Debug|Any CPU
		{FD9C6F7B-BA9B-4B52-9855-E3B4930D3213}.Debug|x86.ActiveCfg = Debug|Any CPU
		{FD9C6F7B-BA9B-4B52-9855-E3B4930D3213}.Debug|x86.Build.0 = Debug|Any CPU
		{FD9C6F7B-BA9B-4B52-9855-E3B4930D3213}.localIIS|Any CPU.ActiveCfg = Release|Any CPU
		{FD9C6F7B-BA9B-4B52-9855-E3B4930D3213}.localIIS|Any CPU.Build.0 = Release|Any CPU
		{FD9C6F7B-BA9B-4B52-9855-E3B4930D3213}.localIIS|x86.ActiveCfg = Release|Any CPU
		{FD9C6F7B-BA9B-4B52-9855-E3B4930D3213}.localIIS|x86.Build.0 = Release|Any CPU
		{FD9C6F7B-BA9B-4B52-9855-E3B4930D3213}.Release|Any CPU.ActiveCfg = Release|Any CPU
		{FD9C6F7B-BA9B-4B52-9855-E3B4930D3213}.Release|Any CPU.Build.0 = Release|Any CPU
		{FD9C6F7B-BA9B-4B52-9855-E3B4930D3213}.Release|x86.ActiveCfg = Release|Any CPU
		{FD9C6F7B-BA9B-4B52-9855-E3B4930D3213}.Release|x86.Build.0 = Release|Any CPU
		{8BA09406-2A32-4476-81E8-2359A85E8E5D}.Beta|Any CPU.ActiveCfg = Debug|Any CPU
		{8BA09406-2A32-4476-81E8-2359A85E8E5D}.Beta|Any CPU.Build.0 = Debug|Any CPU
		{8BA09406-2A32-4476-81E8-2359A85E8E5D}.Beta|x86.ActiveCfg = Release|Any CPU
		{8BA09406-2A32-4476-81E8-2359A85E8E5D}.Beta|x86.Build.0 = Release|Any CPU
		{8BA09406-2A32-4476-81E8-2359A85E8E5D}.Debug_with_local_IIS|Any CPU.ActiveCfg = Debug|Any CPU
		{8BA09406-2A32-4476-81E8-2359A85E8E5D}.Debug_with_local_IIS|Any CPU.Build.0 = Debug|Any CPU
		{8BA09406-2A32-4476-81E8-2359A85E8E5D}.Debug_with_local_IIS|x86.ActiveCfg = Debug|Any CPU
		{8BA09406-2A32-4476-81E8-2359A85E8E5D}.Debug_with_local_IIS|x86.Build.0 = Debug|Any CPU
		{8BA09406-2A32-4476-81E8-2359A85E8E5D}.Debug|Any CPU.ActiveCfg = Debug|Any CPU
		{8BA09406-2A32-4476-81E8-2359A85E8E5D}.Debug|Any CPU.Build.0 = Debug|Any CPU
		{8BA09406-2A32-4476-81E8-2359A85E8E5D}.Debug|x86.ActiveCfg = Debug|Any CPU
		{8BA09406-2A32-4476-81E8-2359A85E8E5D}.Debug|x86.Build.0 = Debug|Any CPU
		{8BA09406-2A32-4476-81E8-2359A85E8E5D}.localIIS|Any CPU.ActiveCfg = Release|Any CPU
		{8BA09406-2A32-4476-81E8-2359A85E8E5D}.localIIS|Any CPU.Build.0 = Release|Any CPU
		{8BA09406-2A32-4476-81E8-2359A85E8E5D}.localIIS|x86.ActiveCfg = Release|Any CPU
		{8BA09406-2A32-4476-81E8-2359A85E8E5D}.localIIS|x86.Build.0 = Release|Any CPU
		{8BA09406-2A32-4476-81E8-2359A85E8E5D}.Release|Any CPU.ActiveCfg = Release|Any CPU
		{8BA09406-2A32-4476-81E8-2359A85E8E5D}.Release|Any CPU.Build.0 = Release|Any CPU
		{8BA09406-2A32-4476-81E8-2359A85E8E5D}.Release|x86.ActiveCfg = Release|Any CPU
		{8BA09406-2A32-4476-81E8-2359A85E8E5D}.Release|x86.Build.0 = Release|Any CPU
		{CFCBAEF7-4C2B-4E8B-A1BE-8DDF46EAB484}.Beta|Any CPU.ActiveCfg = Debug|Any CPU
		{CFCBAEF7-4C2B-4E8B-A1BE-8DDF46EAB484}.Beta|Any CPU.Build.0 = Debug|Any CPU
		{CFCBAEF7-4C2B-4E8B-A1BE-8DDF46EAB484}.Beta|x86.ActiveCfg = Debug|Any CPU
		{CFCBAEF7-4C2B-4E8B-A1BE-8DDF46EAB484}.Beta|x86.Build.0 = Debug|Any CPU
		{CFCBAEF7-4C2B-4E8B-A1BE-8DDF46EAB484}.Debug_with_local_IIS|Any CPU.ActiveCfg = Debug|Any CPU
		{CFCBAEF7-4C2B-4E8B-A1BE-8DDF46EAB484}.Debug_with_local_IIS|Any CPU.Build.0 = Debug|Any CPU
		{CFCBAEF7-4C2B-4E8B-A1BE-8DDF46EAB484}.Debug_with_local_IIS|x86.ActiveCfg = Debug|Any CPU
		{CFCBAEF7-4C2B-4E8B-A1BE-8DDF46EAB484}.Debug_with_local_IIS|x86.Build.0 = Debug|Any CPU
		{CFCBAEF7-4C2B-4E8B-A1BE-8DDF46EAB484}.Debug|Any CPU.ActiveCfg = Debug|Any CPU
		{CFCBAEF7-4C2B-4E8B-A1BE-8DDF46EAB484}.Debug|Any CPU.Build.0 = Debug|Any CPU
		{CFCBAEF7-4C2B-4E8B-A1BE-8DDF46EAB484}.Debug|x86.ActiveCfg = Debug|Any CPU
		{CFCBAEF7-4C2B-4E8B-A1BE-8DDF46EAB484}.Debug|x86.Build.0 = Debug|Any CPU
		{CFCBAEF7-4C2B-4E8B-A1BE-8DDF46EAB484}.localIIS|Any CPU.ActiveCfg = Debug|Any CPU
		{CFCBAEF7-4C2B-4E8B-A1BE-8DDF46EAB484}.localIIS|Any CPU.Build.0 = Debug|Any CPU
		{CFCBAEF7-4C2B-4E8B-A1BE-8DDF46EAB484}.localIIS|x86.ActiveCfg = Debug|Any CPU
		{CFCBAEF7-4C2B-4E8B-A1BE-8DDF46EAB484}.localIIS|x86.Build.0 = Debug|Any CPU
		{CFCBAEF7-4C2B-4E8B-A1BE-8DDF46EAB484}.Release|Any CPU.ActiveCfg = Release|Any CPU
		{CFCBAEF7-4C2B-4E8B-A1BE-8DDF46EAB484}.Release|Any CPU.Build.0 = Release|Any CPU
		{CFCBAEF7-4C2B-4E8B-A1BE-8DDF46EAB484}.Release|x86.ActiveCfg = Release|Any CPU
		{CFCBAEF7-4C2B-4E8B-A1BE-8DDF46EAB484}.Release|x86.Build.0 = Release|Any CPU
		{E77B3224-0CE7-4861-8B80-43EDC9FE8D50}.Beta|Any CPU.ActiveCfg = Debug|Any CPU
		{E77B3224-0CE7-4861-8B80-43EDC9FE8D50}.Beta|Any CPU.Build.0 = Debug|Any CPU
		{E77B3224-0CE7-4861-8B80-43EDC9FE8D50}.Beta|x86.ActiveCfg = Debug|Any CPU
		{E77B3224-0CE7-4861-8B80-43EDC9FE8D50}.Beta|x86.Build.0 = Debug|Any CPU
		{E77B3224-0CE7-4861-8B80-43EDC9FE8D50}.Debug_with_local_IIS|Any CPU.ActiveCfg = Debug|Any CPU
		{E77B3224-0CE7-4861-8B80-43EDC9FE8D50}.Debug_with_local_IIS|Any CPU.Build.0 = Debug|Any CPU
		{E77B3224-0CE7-4861-8B80-43EDC9FE8D50}.Debug_with_local_IIS|x86.ActiveCfg = Debug|Any CPU
		{E77B3224-0CE7-4861-8B80-43EDC9FE8D50}.Debug_with_local_IIS|x86.Build.0 = Debug|Any CPU
		{E77B3224-0CE7-4861-8B80-43EDC9FE8D50}.Debug|Any CPU.ActiveCfg = Debug|Any CPU
		{E77B3224-0CE7-4861-8B80-43EDC9FE8D50}.Debug|Any CPU.Build.0 = Debug|Any CPU
		{E77B3224-0CE7-4861-8B80-43EDC9FE8D50}.Debug|x86.ActiveCfg = Debug|Any CPU
		{E77B3224-0CE7-4861-8B80-43EDC9FE8D50}.Debug|x86.Build.0 = Debug|Any CPU
		{E77B3224-0CE7-4861-8B80-43EDC9FE8D50}.localIIS|Any CPU.ActiveCfg = Debug|Any CPU
		{E77B3224-0CE7-4861-8B80-43EDC9FE8D50}.localIIS|Any CPU.Build.0 = Debug|Any CPU
		{E77B3224-0CE7-4861-8B80-43EDC9FE8D50}.localIIS|x86.ActiveCfg = Debug|Any CPU
		{E77B3224-0CE7-4861-8B80-43EDC9FE8D50}.localIIS|x86.Build.0 = Debug|Any CPU
		{E77B3224-0CE7-4861-8B80-43EDC9FE8D50}.Release|Any CPU.ActiveCfg = Release|Any CPU
		{E77B3224-0CE7-4861-8B80-43EDC9FE8D50}.Release|Any CPU.Build.0 = Release|Any CPU
		{E77B3224-0CE7-4861-8B80-43EDC9FE8D50}.Release|x86.ActiveCfg = Release|Any CPU
		{E77B3224-0CE7-4861-8B80-43EDC9FE8D50}.Release|x86.Build.0 = Release|Any CPU
		{AAE1B9BB-282C-4AEB-8870-1F5682D5BE5F}.Beta|Any CPU.ActiveCfg = Debug|Any CPU
		{AAE1B9BB-282C-4AEB-8870-1F5682D5BE5F}.Beta|Any CPU.Build.0 = Debug|Any CPU
		{AAE1B9BB-282C-4AEB-8870-1F5682D5BE5F}.Beta|x86.ActiveCfg = Debug|Any CPU
		{AAE1B9BB-282C-4AEB-8870-1F5682D5BE5F}.Beta|x86.Build.0 = Debug|Any CPU
		{AAE1B9BB-282C-4AEB-8870-1F5682D5BE5F}.Debug_with_local_IIS|Any CPU.ActiveCfg = Debug|Any CPU
		{AAE1B9BB-282C-4AEB-8870-1F5682D5BE5F}.Debug_with_local_IIS|Any CPU.Build.0 = Debug|Any CPU
		{AAE1B9BB-282C-4AEB-8870-1F5682D5BE5F}.Debug_with_local_IIS|x86.ActiveCfg = Debug|Any CPU
		{AAE1B9BB-282C-4AEB-8870-1F5682D5BE5F}.Debug_with_local_IIS|x86.Build.0 = Debug|Any CPU
		{AAE1B9BB-282C-4AEB-8870-1F5682D5BE5F}.Debug|Any CPU.ActiveCfg = Debug|Any CPU
		{AAE1B9BB-282C-4AEB-8870-1F5682D5BE5F}.Debug|Any CPU.Build.0 = Debug|Any CPU
		{AAE1B9BB-282C-4AEB-8870-1F5682D5BE5F}.Debug|x86.ActiveCfg = Debug|Any CPU
		{AAE1B9BB-282C-4AEB-8870-1F5682D5BE5F}.Debug|x86.Build.0 = Debug|Any CPU
		{AAE1B9BB-282C-4AEB-8870-1F5682D5BE5F}.localIIS|Any CPU.ActiveCfg = Debug|Any CPU
		{AAE1B9BB-282C-4AEB-8870-1F5682D5BE5F}.localIIS|Any CPU.Build.0 = Debug|Any CPU
		{AAE1B9BB-282C-4AEB-8870-1F5682D5BE5F}.localIIS|x86.ActiveCfg = Debug|Any CPU
		{AAE1B9BB-282C-4AEB-8870-1F5682D5BE5F}.localIIS|x86.Build.0 = Debug|Any CPU
		{AAE1B9BB-282C-4AEB-8870-1F5682D5BE5F}.Release|Any CPU.ActiveCfg = Release|Any CPU
		{AAE1B9BB-282C-4AEB-8870-1F5682D5BE5F}.Release|Any CPU.Build.0 = Release|Any CPU
		{AAE1B9BB-282C-4AEB-8870-1F5682D5BE5F}.Release|x86.ActiveCfg = Release|Any CPU
		{AAE1B9BB-282C-4AEB-8870-1F5682D5BE5F}.Release|x86.Build.0 = Release|Any CPU
		{3658AD4A-9FBF-4687-B698-00D46C24C144}.Beta|Any CPU.ActiveCfg = Debug|Any CPU
		{3658AD4A-9FBF-4687-B698-00D46C24C144}.Beta|Any CPU.Build.0 = Debug|Any CPU
		{3658AD4A-9FBF-4687-B698-00D46C24C144}.Beta|x86.ActiveCfg = Debug|Any CPU
		{3658AD4A-9FBF-4687-B698-00D46C24C144}.Beta|x86.Build.0 = Debug|Any CPU
		{3658AD4A-9FBF-4687-B698-00D46C24C144}.Debug_with_local_IIS|Any CPU.ActiveCfg = Debug|Any CPU
		{3658AD4A-9FBF-4687-B698-00D46C24C144}.Debug_with_local_IIS|Any CPU.Build.0 = Debug|Any CPU
		{3658AD4A-9FBF-4687-B698-00D46C24C144}.Debug_with_local_IIS|x86.ActiveCfg = Debug|Any CPU
		{3658AD4A-9FBF-4687-B698-00D46C24C144}.Debug_with_local_IIS|x86.Build.0 = Debug|Any CPU
		{3658AD4A-9FBF-4687-B698-00D46C24C144}.Debug|Any CPU.ActiveCfg = Debug|Any CPU
		{3658AD4A-9FBF-4687-B698-00D46C24C144}.Debug|Any CPU.Build.0 = Debug|Any CPU
		{3658AD4A-9FBF-4687-B698-00D46C24C144}.Debug|x86.ActiveCfg = Debug|Any CPU
		{3658AD4A-9FBF-4687-B698-00D46C24C144}.Debug|x86.Build.0 = Debug|Any CPU
		{3658AD4A-9FBF-4687-B698-00D46C24C144}.localIIS|Any CPU.ActiveCfg = Debug|Any CPU
		{3658AD4A-9FBF-4687-B698-00D46C24C144}.localIIS|Any CPU.Build.0 = Debug|Any CPU
		{3658AD4A-9FBF-4687-B698-00D46C24C144}.localIIS|x86.ActiveCfg = Debug|Any CPU
		{3658AD4A-9FBF-4687-B698-00D46C24C144}.localIIS|x86.Build.0 = Debug|Any CPU
		{3658AD4A-9FBF-4687-B698-00D46C24C144}.Release|Any CPU.ActiveCfg = Release|Any CPU
		{3658AD4A-9FBF-4687-B698-00D46C24C144}.Release|Any CPU.Build.0 = Release|Any CPU
		{3658AD4A-9FBF-4687-B698-00D46C24C144}.Release|x86.ActiveCfg = Release|Any CPU
		{3658AD4A-9FBF-4687-B698-00D46C24C144}.Release|x86.Build.0 = Release|Any CPU
		{F4719E49-FC98-4628-B068-0A526639E693}.Beta|Any CPU.ActiveCfg = Debug|Any CPU
		{F4719E49-FC98-4628-B068-0A526639E693}.Beta|Any CPU.Build.0 = Debug|Any CPU
		{F4719E49-FC98-4628-B068-0A526639E693}.Beta|x86.ActiveCfg = Debug|Any CPU
		{F4719E49-FC98-4628-B068-0A526639E693}.Beta|x86.Build.0 = Debug|Any CPU
		{F4719E49-FC98-4628-B068-0A526639E693}.Debug_with_local_IIS|Any CPU.ActiveCfg = Debug|Any CPU
		{F4719E49-FC98-4628-B068-0A526639E693}.Debug_with_local_IIS|Any CPU.Build.0 = Debug|Any CPU
		{F4719E49-FC98-4628-B068-0A526639E693}.Debug_with_local_IIS|x86.ActiveCfg = Debug|Any CPU
		{F4719E49-FC98-4628-B068-0A526639E693}.Debug_with_local_IIS|x86.Build.0 = Debug|Any CPU
		{F4719E49-FC98-4628-B068-0A526639E693}.Debug|Any CPU.ActiveCfg = Debug|Any CPU
		{F4719E49-FC98-4628-B068-0A526639E693}.Debug|Any CPU.Build.0 = Debug|Any CPU
		{F4719E49-FC98-4628-B068-0A526639E693}.Debug|x86.ActiveCfg = Debug|Any CPU
		{F4719E49-FC98-4628-B068-0A526639E693}.Debug|x86.Build.0 = Debug|Any CPU
		{F4719E49-FC98-4628-B068-0A526639E693}.localIIS|Any CPU.ActiveCfg = Debug|Any CPU
		{F4719E49-FC98-4628-B068-0A526639E693}.localIIS|Any CPU.Build.0 = Debug|Any CPU
		{F4719E49-FC98-4628-B068-0A526639E693}.localIIS|x86.ActiveCfg = Debug|Any CPU
		{F4719E49-FC98-4628-B068-0A526639E693}.localIIS|x86.Build.0 = Debug|Any CPU
		{F4719E49-FC98-4628-B068-0A526639E693}.Release|Any CPU.ActiveCfg = Release|Any CPU
		{F4719E49-FC98-4628-B068-0A526639E693}.Release|Any CPU.Build.0 = Release|Any CPU
		{F4719E49-FC98-4628-B068-0A526639E693}.Release|x86.ActiveCfg = Release|Any CPU
		{F4719E49-FC98-4628-B068-0A526639E693}.Release|x86.Build.0 = Release|Any CPU
		{B8D40655-26F0-4CB4-B82F-D6C2ED9724D2}.Beta|Any CPU.ActiveCfg = Release|Any CPU
		{B8D40655-26F0-4CB4-B82F-D6C2ED9724D2}.Beta|Any CPU.Build.0 = Release|Any CPU
		{B8D40655-26F0-4CB4-B82F-D6C2ED9724D2}.Beta|Any CPU.Deploy.0 = Release|Any CPU
		{B8D40655-26F0-4CB4-B82F-D6C2ED9724D2}.Beta|x86.ActiveCfg = Release|Any CPU
		{B8D40655-26F0-4CB4-B82F-D6C2ED9724D2}.Beta|x86.Build.0 = Release|Any CPU
		{B8D40655-26F0-4CB4-B82F-D6C2ED9724D2}.Beta|x86.Deploy.0 = Release|Any CPU
		{B8D40655-26F0-4CB4-B82F-D6C2ED9724D2}.Debug_with_local_IIS|Any CPU.ActiveCfg = Debug|Any CPU
		{B8D40655-26F0-4CB4-B82F-D6C2ED9724D2}.Debug_with_local_IIS|Any CPU.Build.0 = Debug|Any CPU
		{B8D40655-26F0-4CB4-B82F-D6C2ED9724D2}.Debug_with_local_IIS|Any CPU.Deploy.0 = Debug|Any CPU
		{B8D40655-26F0-4CB4-B82F-D6C2ED9724D2}.Debug_with_local_IIS|x86.ActiveCfg = Debug|Any CPU
		{B8D40655-26F0-4CB4-B82F-D6C2ED9724D2}.Debug_with_local_IIS|x86.Build.0 = Debug|Any CPU
		{B8D40655-26F0-4CB4-B82F-D6C2ED9724D2}.Debug_with_local_IIS|x86.Deploy.0 = Debug|Any CPU
		{B8D40655-26F0-4CB4-B82F-D6C2ED9724D2}.Debug|Any CPU.ActiveCfg = Debug|Any CPU
		{B8D40655-26F0-4CB4-B82F-D6C2ED9724D2}.Debug|Any CPU.Build.0 = Debug|Any CPU
		{B8D40655-26F0-4CB4-B82F-D6C2ED9724D2}.Debug|Any CPU.Deploy.0 = Debug|Any CPU
		{B8D40655-26F0-4CB4-B82F-D6C2ED9724D2}.Debug|x86.ActiveCfg = Debug|Any CPU
		{B8D40655-26F0-4CB4-B82F-D6C2ED9724D2}.Debug|x86.Build.0 = Debug|Any CPU
		{B8D40655-26F0-4CB4-B82F-D6C2ED9724D2}.Debug|x86.Deploy.0 = Debug|Any CPU
		{B8D40655-26F0-4CB4-B82F-D6C2ED9724D2}.localIIS|Any CPU.ActiveCfg = Release|Any CPU
		{B8D40655-26F0-4CB4-B82F-D6C2ED9724D2}.localIIS|Any CPU.Build.0 = Release|Any CPU
		{B8D40655-26F0-4CB4-B82F-D6C2ED9724D2}.localIIS|Any CPU.Deploy.0 = Release|Any CPU
		{B8D40655-26F0-4CB4-B82F-D6C2ED9724D2}.localIIS|x86.ActiveCfg = Release|Any CPU
		{B8D40655-26F0-4CB4-B82F-D6C2ED9724D2}.localIIS|x86.Build.0 = Release|Any CPU
		{B8D40655-26F0-4CB4-B82F-D6C2ED9724D2}.localIIS|x86.Deploy.0 = Release|Any CPU
		{B8D40655-26F0-4CB4-B82F-D6C2ED9724D2}.Release|Any CPU.ActiveCfg = Release|Any CPU
		{B8D40655-26F0-4CB4-B82F-D6C2ED9724D2}.Release|Any CPU.Build.0 = Release|Any CPU
		{B8D40655-26F0-4CB4-B82F-D6C2ED9724D2}.Release|Any CPU.Deploy.0 = Release|Any CPU
		{B8D40655-26F0-4CB4-B82F-D6C2ED9724D2}.Release|x86.ActiveCfg = Release|Any CPU
		{B8D40655-26F0-4CB4-B82F-D6C2ED9724D2}.Release|x86.Build.0 = Release|Any CPU
		{B8D40655-26F0-4CB4-B82F-D6C2ED9724D2}.Release|x86.Deploy.0 = Release|Any CPU
		{69A9881B-2CDE-4D48-A7BC-C2AF30A4A59F}.Beta|Any CPU.ActiveCfg = Debug|Any CPU
		{69A9881B-2CDE-4D48-A7BC-C2AF30A4A59F}.Beta|Any CPU.Build.0 = Debug|Any CPU
		{69A9881B-2CDE-4D48-A7BC-C2AF30A4A59F}.Beta|x86.ActiveCfg = Debug|Any CPU
		{69A9881B-2CDE-4D48-A7BC-C2AF30A4A59F}.Beta|x86.Build.0 = Debug|Any CPU
		{69A9881B-2CDE-4D48-A7BC-C2AF30A4A59F}.Debug_with_local_IIS|Any CPU.ActiveCfg = Debug|Any CPU
		{69A9881B-2CDE-4D48-A7BC-C2AF30A4A59F}.Debug_with_local_IIS|Any CPU.Build.0 = Debug|Any CPU
		{69A9881B-2CDE-4D48-A7BC-C2AF30A4A59F}.Debug_with_local_IIS|x86.ActiveCfg = Debug|Any CPU
		{69A9881B-2CDE-4D48-A7BC-C2AF30A4A59F}.Debug_with_local_IIS|x86.Build.0 = Debug|Any CPU
		{69A9881B-2CDE-4D48-A7BC-C2AF30A4A59F}.Debug|Any CPU.ActiveCfg = Debug|Any CPU
		{69A9881B-2CDE-4D48-A7BC-C2AF30A4A59F}.Debug|Any CPU.Build.0 = Debug|Any CPU
		{69A9881B-2CDE-4D48-A7BC-C2AF30A4A59F}.Debug|x86.ActiveCfg = Debug|Any CPU
		{69A9881B-2CDE-4D48-A7BC-C2AF30A4A59F}.Debug|x86.Build.0 = Debug|Any CPU
		{69A9881B-2CDE-4D48-A7BC-C2AF30A4A59F}.localIIS|Any CPU.ActiveCfg = Debug|Any CPU
		{69A9881B-2CDE-4D48-A7BC-C2AF30A4A59F}.localIIS|Any CPU.Build.0 = Debug|Any CPU
		{69A9881B-2CDE-4D48-A7BC-C2AF30A4A59F}.localIIS|x86.ActiveCfg = Debug|Any CPU
		{69A9881B-2CDE-4D48-A7BC-C2AF30A4A59F}.localIIS|x86.Build.0 = Debug|Any CPU
		{69A9881B-2CDE-4D48-A7BC-C2AF30A4A59F}.Release|Any CPU.ActiveCfg = Release|Any CPU
		{69A9881B-2CDE-4D48-A7BC-C2AF30A4A59F}.Release|Any CPU.Build.0 = Release|Any CPU
		{69A9881B-2CDE-4D48-A7BC-C2AF30A4A59F}.Release|x86.ActiveCfg = Release|Any CPU
		{69A9881B-2CDE-4D48-A7BC-C2AF30A4A59F}.Release|x86.Build.0 = Release|Any CPU
		{F7ECE3EE-B0C5-4692-A197-A4CCAEF40B81}.Beta|Any CPU.ActiveCfg = Debug|Any CPU
		{F7ECE3EE-B0C5-4692-A197-A4CCAEF40B81}.Beta|Any CPU.Build.0 = Debug|Any CPU
		{F7ECE3EE-B0C5-4692-A197-A4CCAEF40B81}.Beta|x86.ActiveCfg = Debug|Any CPU
		{F7ECE3EE-B0C5-4692-A197-A4CCAEF40B81}.Beta|x86.Build.0 = Debug|Any CPU
		{F7ECE3EE-B0C5-4692-A197-A4CCAEF40B81}.Debug_with_local_IIS|Any CPU.ActiveCfg = Debug|Any CPU
		{F7ECE3EE-B0C5-4692-A197-A4CCAEF40B81}.Debug_with_local_IIS|Any CPU.Build.0 = Debug|Any CPU
		{F7ECE3EE-B0C5-4692-A197-A4CCAEF40B81}.Debug_with_local_IIS|x86.ActiveCfg = Debug|Any CPU
		{F7ECE3EE-B0C5-4692-A197-A4CCAEF40B81}.Debug_with_local_IIS|x86.Build.0 = Debug|Any CPU
		{F7ECE3EE-B0C5-4692-A197-A4CCAEF40B81}.Debug|Any CPU.ActiveCfg = Debug|Any CPU
		{F7ECE3EE-B0C5-4692-A197-A4CCAEF40B81}.Debug|Any CPU.Build.0 = Debug|Any CPU
		{F7ECE3EE-B0C5-4692-A197-A4CCAEF40B81}.Debug|x86.ActiveCfg = Debug|Any CPU
		{F7ECE3EE-B0C5-4692-A197-A4CCAEF40B81}.Debug|x86.Build.0 = Debug|Any CPU
		{F7ECE3EE-B0C5-4692-A197-A4CCAEF40B81}.localIIS|Any CPU.ActiveCfg = Debug|Any CPU
		{F7ECE3EE-B0C5-4692-A197-A4CCAEF40B81}.localIIS|Any CPU.Build.0 = Debug|Any CPU
		{F7ECE3EE-B0C5-4692-A197-A4CCAEF40B81}.localIIS|x86.ActiveCfg = Debug|Any CPU
		{F7ECE3EE-B0C5-4692-A197-A4CCAEF40B81}.localIIS|x86.Build.0 = Debug|Any CPU
		{F7ECE3EE-B0C5-4692-A197-A4CCAEF40B81}.Release|Any CPU.ActiveCfg = Release|Any CPU
		{F7ECE3EE-B0C5-4692-A197-A4CCAEF40B81}.Release|Any CPU.Build.0 = Release|Any CPU
		{F7ECE3EE-B0C5-4692-A197-A4CCAEF40B81}.Release|x86.ActiveCfg = Release|Any CPU
		{F7ECE3EE-B0C5-4692-A197-A4CCAEF40B81}.Release|x86.Build.0 = Release|Any CPU
	EndGlobalSection
	GlobalSection(SolutionProperties) = preSolution
		HideSolutionNode = FALSE
	EndGlobalSection
	GlobalSection(ExtensibilityGlobals) = postSolution
		SolutionGuid = {66326880-314B-4A32-8B9D-9177F6A2A0D7}
	EndGlobalSection
EndGlobal
