
Microsoft Visual Studio Solution File, Format Version 12.00
# Visual Studio Version 16
VisualStudioVersion = 16.0.31005.135
MinimumVisualStudioVersion = 10.0.40219.1
Project("{FAE04EC0-301F-11D3-BF4B-00C04F79EFBC}") = "ArticleEdit", "ArticleEdit\ArticleEdit.csproj", "{255D7CA1-9D40-43DD-B124-50DAC3157774}"
EndProject
Project("{FAE04EC0-301F-11D3-BF4B-00C04F79EFBC}") = "mko.Woc.WocStore", "mko.Woc.WocStore\mko.Woc.WocStore.csproj", "{247ED57D-A253-4EBB-94EF-9026652399D0}"
EndProject
Project("{FAE04EC0-301F-11D3-BF4B-00C04F79EFBC}") = "mko.Woc.DocStore", "mko.Woc.DocStore\mko.Woc.DocStore.csproj", "{396A3856-FE64-434A-8B0D-1EF41CC8C546}"
EndProject
Project("{FAE04EC0-301F-11D3-BF4B-00C04F79EFBC}") = "LngUIDGenerator", "LngUIDGenerator\LngUIDGenerator.csproj", "{6E654E9F-584B-4110-8FDC-F500B7FBAA9B}"
EndProject
Project("{FAE04EC0-301F-11D3-BF4B-00C04F79EFBC}") = "MKPRG.Naming", "MKPRG.Naming\MKPRG.Naming.csproj", "{EE9D24A7-80BF-4D6D-A164-2E49743386F8}"
EndProject
Project("{FAE04EC0-301F-11D3-BF4B-00C04F79EFBC}") = "MKPRG.Tracing", "MKPRG.Tracing\MKPRG.Tracing.csproj", "{E9D442D4-E7A9-49AA-89D3-9E459CD926B5}"
EndProject
Project("{FAE04EC0-301F-11D3-BF4B-00C04F79EFBC}") = "ATMO.mko.Logging", "ATMO.mko.Logging\ATMO.mko.Logging.csproj", "{71E3A4B1-71F3-422C-93AB-31895043CC82}"
EndProject
Project("{FAE04EC0-301F-11D3-BF4B-00C04F79EFBC}") = "MKPRG.HTML", "MKPRG.HTML\MKPRG.HTML.csproj", "{3DD01775-84FA-4477-B14F-9E56E66F12D1}"
EndProject
Project("{FAE04EC0-301F-11D3-BF4B-00C04F79EFBC}") = "MKPRG.Tracing.DocuTerms.Formatter", "MKPRG.Tracing.DocuTerms.Formatter\MKPRG.Tracing.DocuTerms.Formatter.csproj", "{95FBF6BF-D93E-4F33-8812-C91898DAC12B}"
EndProject
Project("{FAE04EC0-301F-11D3-BF4B-00C04F79EFBC}") = "MKPRG.Woc", "MKPRG.Woc\MKPRG.Woc.csproj", "{3658AD4A-9FBF-4687-B698-00D46C24C144}"
EndProject
Project("{FAE04EC0-301F-11D3-BF4B-00C04F79EFBC}") = "MKPRG.Trees", "MKPRG.Trees\MKPRG.Trees.csproj", "{78C789C2-AC8E-414C-AF72-D89E39D94BDA}"
EndProject
Project("{FAE04EC0-301F-11D3-BF4B-00C04F79EFBC}") = "MKPRG.Measures", "MKPRG.Measures\MKPRG.Measures.csproj", "{FD9C6F7B-BA9B-4B52-9855-E3B4930D3213}"
EndProject
Project("{FAE04EC0-301F-11D3-BF4B-00C04F79EFBC}") = "MKPRG.DatatypeHandling", "MKPRG.DatatypeHandling\MKPRG.DatatypeHandling.csproj", "{8BA09406-2A32-4476-81E8-2359A85E8E5D}"
EndProject
Project("{FAE04EC0-301F-11D3-BF4B-00C04F79EFBC}") = "ATMO.mko.QueryBuilder", "ATMO.mko.QueryBuilder\ATMO.mko.QueryBuilder.csproj", "{4849E3AE-DF84-4724-8491-3B4876EF2EBC}"
EndProject
Project("{FAE04EC0-301F-11D3-BF4B-00C04F79EFBC}") = "MKPRG.CSSQL", "MKPRG.CSSQL\MKPRG.CSSQL.csproj", "{CFCBAEF7-4C2B-4E8B-A1BE-8DDF46EAB484}"
EndProject
Project("{FAE04EC0-301F-11D3-BF4B-00C04F79EFBC}") = "MKPRG.CSSQL.Test", "MKPRG.CSSQL.Test\MKPRG.CSSQL.Test.csproj", "{E77B3224-0CE7-4861-8B80-43EDC9FE8D50}"
EndProject
Project("{FAE04EC0-301F-11D3-BF4B-00C04F79EFBC}") = "ATMO.mko.QueryBuilder.Test", "ATMO.mko.QueryBuilder.Test\ATMO.mko.QueryBuilder.Test.csproj", "{614DAE5F-599D-4CC8-9105-DD2E877905F8}"
EndProject
Project("{FAE04EC0-301F-11D3-BF4B-00C04F79EFBC}") = "DFC3.DB", "DFC3.DB\DFC3.DB.csproj", "{CE810374-3893-42B5-A10C-85A304EC8B69}"
EndProject
Project("{FAE04EC0-301F-11D3-BF4B-00C04F79EFBC}") = "MKPRG.MSSQLServer", "MKPRG.MSSQLServer\MKPRG.MSSQLServer.csproj", "{AAE1B9BB-282C-4AEB-8870-1F5682D5BE5F}"
EndProject
Project("{FAE04EC0-301F-11D3-BF4B-00C04F79EFBC}") = "OracleHelper", "OracleHelper\OracleHelper.csproj", "{8434A43D-D64F-435F-8B65-3D6FF177B6CA}"
EndProject
Global
	GlobalSection(SolutionConfigurationPlatforms) = preSolution
		Beta|Any CPU = Beta|Any CPU
		Beta|x86 = Beta|x86
		Debug_with_local_IIS|Any CPU = Debug_with_local_IIS|Any CPU
		Debug_with_local_IIS|x86 = Debug_with_local_IIS|x86
		Debug|Any CPU = Debug|Any CPU
		Debug|x86 = Debug|x86
		localIIS|Any CPU = localIIS|Any CPU
		localIIS|x86 = localIIS|x86
		Release|Any CPU = Release|Any CPU
		Release|x86 = Release|x86
	EndGlobalSection
	GlobalSection(ProjectConfigurationPlatforms) = postSolution
		{255D7CA1-9D40-43DD-B124-50DAC3157774}.Beta|Any CPU.ActiveCfg = Debug|Any CPU
		{255D7CA1-9D40-43DD-B124-50DAC3157774}.Beta|Any CPU.Build.0 = Debug|Any CPU
		{255D7CA1-9D40-43DD-B124-50DAC3157774}.Beta|x86.ActiveCfg = Release|Any CPU
		{255D7CA1-9D40-43DD-B124-50DAC3157774}.Beta|x86.Build.0 = Release|Any CPU
		{255D7CA1-9D40-43DD-B124-50DAC3157774}.Debug_with_local_IIS|Any CPU.ActiveCfg = Debug|Any CPU
		{255D7CA1-9D40-43DD-B124-50DAC3157774}.Debug_with_local_IIS|Any CPU.Build.0 = Debug|Any CPU
		{255D7CA1-9D40-43DD-B124-50DAC3157774}.Debug_with_local_IIS|x86.ActiveCfg = Debug|Any CPU
		{255D7CA1-9D40-43DD-B124-50DAC3157774}.Debug_with_local_IIS|x86.Build.0 = Debug|Any CPU
		{255D7CA1-9D40-43DD-B124-50DAC3157774}.Debug|Any CPU.ActiveCfg = Debug|Any CPU
		{255D7CA1-9D40-43DD-B124-50DAC3157774}.Debug|Any CPU.Build.0 = Debug|Any CPU
		{255D7CA1-9D40-43DD-B124-50DAC3157774}.Debug|x86.ActiveCfg = Debug|Any CPU
		{255D7CA1-9D40-43DD-B124-50DAC3157774}.Debug|x86.Build.0 = Debug|Any CPU
		{255D7CA1-9D40-43DD-B124-50DAC3157774}.localIIS|Any CPU.ActiveCfg = Release|Any CPU
		{255D7CA1-9D40-43DD-B124-50DAC3157774}.localIIS|Any CPU.Build.0 = Release|Any CPU
		{255D7CA1-9D40-43DD-B124-50DAC3157774}.localIIS|x86.ActiveCfg = Release|Any CPU
		{255D7CA1-9D40-43DD-B124-50DAC3157774}.localIIS|x86.Build.0 = Release|Any CPU
		{255D7CA1-9D40-43DD-B124-50DAC3157774}.Release|Any CPU.ActiveCfg = Release|Any CPU
		{255D7CA1-9D40-43DD-B124-50DAC3157774}.Release|Any CPU.Build.0 = Release|Any CPU
		{255D7CA1-9D40-43DD-B124-50DAC3157774}.Release|x86.ActiveCfg = Release|Any CPU
		{255D7CA1-9D40-43DD-B124-50DAC3157774}.Release|x86.Build.0 = Release|Any CPU
		{247ED57D-A253-4EBB-94EF-9026652399D0}.Beta|Any CPU.ActiveCfg = Debug|Any CPU
		{247ED57D-A253-4EBB-94EF-9026652399D0}.Beta|Any CPU.Build.0 = Debug|Any CPU
		{247ED57D-A253-4EBB-94EF-9026652399D0}.Beta|x86.ActiveCfg = Release|Any CPU
		{247ED57D-A253-4EBB-94EF-9026652399D0}.Debug_with_local_IIS|Any CPU.ActiveCfg = Debug|Any CPU
		{247ED57D-A253-4EBB-94EF-9026652399D0}.Debug_with_local_IIS|Any CPU.Build.0 = Debug|Any CPU
		{247ED57D-A253-4EBB-94EF-9026652399D0}.Debug_with_local_IIS|x86.ActiveCfg = Debug|Any CPU
		{247ED57D-A253-4EBB-94EF-9026652399D0}.Debug|Any CPU.ActiveCfg = Debug|Any CPU
		{247ED57D-A253-4EBB-94EF-9026652399D0}.Debug|Any CPU.Build.0 = Debug|Any CPU
		{247ED57D-A253-4EBB-94EF-9026652399D0}.Debug|x86.ActiveCfg = Debug|Any CPU
		{247ED57D-A253-4EBB-94EF-9026652399D0}.localIIS|Any CPU.ActiveCfg = Release|Any CPU
		{247ED57D-A253-4EBB-94EF-9026652399D0}.localIIS|x86.ActiveCfg = Release|Any CPU
		{247ED57D-A253-4EBB-94EF-9026652399D0}.Release|Any CPU.ActiveCfg = Release|Any CPU
		{247ED57D-A253-4EBB-94EF-9026652399D0}.Release|Any CPU.Build.0 = Release|Any CPU
		{247ED57D-A253-4EBB-94EF-9026652399D0}.Release|x86.ActiveCfg = Release|Any CPU
		{396A3856-FE64-434A-8B0D-1EF41CC8C546}.Beta|Any CPU.ActiveCfg = Debug|Any CPU
		{396A3856-FE64-434A-8B0D-1EF41CC8C546}.Beta|Any CPU.Build.0 = Debug|Any CPU
		{396A3856-FE64-434A-8B0D-1EF41CC8C546}.Beta|x86.ActiveCfg = Release|Any CPU
		{396A3856-FE64-434A-8B0D-1EF41CC8C546}.Beta|x86.Build.0 = Release|Any CPU
		{396A3856-FE64-434A-8B0D-1EF41CC8C546}.Debug_with_local_IIS|Any CPU.ActiveCfg = Debug|Any CPU
		{396A3856-FE64-434A-8B0D-1EF41CC8C546}.Debug_with_local_IIS|Any CPU.Build.0 = Debug|Any CPU
		{396A3856-FE64-434A-8B0D-1EF41CC8C546}.Debug_with_local_IIS|x86.ActiveCfg = Debug|Any CPU
		{396A3856-FE64-434A-8B0D-1EF41CC8C546}.Debug_with_local_IIS|x86.Build.0 = Debug|Any CPU
		{396A3856-FE64-434A-8B0D-1EF41CC8C546}.Debug|Any CPU.ActiveCfg = Debug|Any CPU
		{396A3856-FE64-434A-8B0D-1EF41CC8C546}.Debug|Any CPU.Build.0 = Debug|Any CPU
		{396A3856-FE64-434A-8B0D-1EF41CC8C546}.Debug|x86.ActiveCfg = Debug|Any CPU
		{396A3856-FE64-434A-8B0D-1EF41CC8C546}.Debug|x86.Build.0 = Debug|Any CPU
		{396A3856-FE64-434A-8B0D-1EF41CC8C546}.localIIS|Any CPU.ActiveCfg = Release|Any CPU
		{396A3856-FE64-434A-8B0D-1EF41CC8C546}.localIIS|Any CPU.Build.0 = Release|Any CPU
		{396A3856-FE64-434A-8B0D-1EF41CC8C546}.localIIS|x86.ActiveCfg = Release|Any CPU
		{396A3856-FE64-434A-8B0D-1EF41CC8C546}.localIIS|x86.Build.0 = Release|Any CPU
		{396A3856-FE64-434A-8B0D-1EF41CC8C546}.Release|Any CPU.ActiveCfg = Release|Any CPU
		{396A3856-FE64-434A-8B0D-1EF41CC8C546}.Release|Any CPU.Build.0 = Release|Any CPU
		{396A3856-FE64-434A-8B0D-1EF41CC8C546}.Release|x86.ActiveCfg = Release|Any CPU
		{396A3856-FE64-434A-8B0D-1EF41CC8C546}.Release|x86.Build.0 = Release|Any CPU
		{6E654E9F-584B-4110-8FDC-F500B7FBAA9B}.Beta|Any CPU.ActiveCfg = Debug|Any CPU
		{6E654E9F-584B-4110-8FDC-F500B7FBAA9B}.Beta|Any CPU.Build.0 = Debug|Any CPU
		{6E654E9F-584B-4110-8FDC-F500B7FBAA9B}.Beta|x86.ActiveCfg = Release|Any CPU
		{6E654E9F-584B-4110-8FDC-F500B7FBAA9B}.Beta|x86.Build.0 = Release|Any CPU
		{6E654E9F-584B-4110-8FDC-F500B7FBAA9B}.Debug_with_local_IIS|Any CPU.ActiveCfg = Debug|Any CPU
		{6E654E9F-584B-4110-8FDC-F500B7FBAA9B}.Debug_with_local_IIS|Any CPU.Build.0 = Debug|Any CPU
		{6E654E9F-584B-4110-8FDC-F500B7FBAA9B}.Debug_with_local_IIS|x86.ActiveCfg = Debug|Any CPU
		{6E654E9F-584B-4110-8FDC-F500B7FBAA9B}.Debug_with_local_IIS|x86.Build.0 = Debug|Any CPU
		{6E654E9F-584B-4110-8FDC-F500B7FBAA9B}.Debug|Any CPU.ActiveCfg = Debug|Any CPU
		{6E654E9F-584B-4110-8FDC-F500B7FBAA9B}.Debug|Any CPU.Build.0 = Debug|Any CPU
		{6E654E9F-584B-4110-8FDC-F500B7FBAA9B}.Debug|x86.ActiveCfg = Debug|Any CPU
		{6E654E9F-584B-4110-8FDC-F500B7FBAA9B}.Debug|x86.Build.0 = Debug|Any CPU
		{6E654E9F-584B-4110-8FDC-F500B7FBAA9B}.localIIS|Any CPU.ActiveCfg = Release|Any CPU
		{6E654E9F-584B-4110-8FDC-F500B7FBAA9B}.localIIS|Any CPU.Build.0 = Release|Any CPU
		{6E654E9F-584B-4110-8FDC-F500B7FBAA9B}.localIIS|x86.ActiveCfg = Release|Any CPU
		{6E654E9F-584B-4110-8FDC-F500B7FBAA9B}.localIIS|x86.Build.0 = Release|Any CPU
		{6E654E9F-584B-4110-8FDC-F500B7FBAA9B}.Release|Any CPU.ActiveCfg = Release|Any CPU
		{6E654E9F-584B-4110-8FDC-F500B7FBAA9B}.Release|Any CPU.Build.0 = Release|Any CPU
		{6E654E9F-584B-4110-8FDC-F500B7FBAA9B}.Release|x86.ActiveCfg = Release|Any CPU
		{6E654E9F-584B-4110-8FDC-F500B7FBAA9B}.Release|x86.Build.0 = Release|Any CPU
		{EE9D24A7-80BF-4D6D-A164-2E49743386F8}.Beta|Any CPU.ActiveCfg = Debug|Any CPU
		{EE9D24A7-80BF-4D6D-A164-2E49743386F8}.Beta|Any CPU.Build.0 = Debug|Any CPU
		{EE9D24A7-80BF-4D6D-A164-2E49743386F8}.Beta|x86.ActiveCfg = Release|Any CPU
		{EE9D24A7-80BF-4D6D-A164-2E49743386F8}.Beta|x86.Build.0 = Release|Any CPU
		{EE9D24A7-80BF-4D6D-A164-2E49743386F8}.Debug_with_local_IIS|Any CPU.ActiveCfg = Debug|Any CPU
		{EE9D24A7-80BF-4D6D-A164-2E49743386F8}.Debug_with_local_IIS|Any CPU.Build.0 = Debug|Any CPU
		{EE9D24A7-80BF-4D6D-A164-2E49743386F8}.Debug_with_local_IIS|x86.ActiveCfg = Debug|Any CPU
		{EE9D24A7-80BF-4D6D-A164-2E49743386F8}.Debug_with_local_IIS|x86.Build.0 = Debug|Any CPU
		{EE9D24A7-80BF-4D6D-A164-2E49743386F8}.Debug|Any CPU.ActiveCfg = Debug|Any CPU
		{EE9D24A7-80BF-4D6D-A164-2E49743386F8}.Debug|Any CPU.Build.0 = Debug|Any CPU
		{EE9D24A7-80BF-4D6D-A164-2E49743386F8}.Debug|x86.ActiveCfg = Debug|Any CPU
		{EE9D24A7-80BF-4D6D-A164-2E49743386F8}.Debug|x86.Build.0 = Debug|Any CPU
		{EE9D24A7-80BF-4D6D-A164-2E49743386F8}.localIIS|Any CPU.ActiveCfg = Release|Any CPU
		{EE9D24A7-80BF-4D6D-A164-2E49743386F8}.localIIS|Any CPU.Build.0 = Release|Any CPU
		{EE9D24A7-80BF-4D6D-A164-2E49743386F8}.localIIS|x86.ActiveCfg = Release|Any CPU
		{EE9D24A7-80BF-4D6D-A164-2E49743386F8}.localIIS|x86.Build.0 = Release|Any CPU
		{EE9D24A7-80BF-4D6D-A164-2E49743386F8}.Release|Any CPU.ActiveCfg = Release|Any CPU
		{EE9D24A7-80BF-4D6D-A164-2E49743386F8}.Release|Any CPU.Build.0 = Release|Any CPU
		{EE9D24A7-80BF-4D6D-A164-2E49743386F8}.Release|x86.ActiveCfg = Release|Any CPU
		{EE9D24A7-80BF-4D6D-A164-2E49743386F8}.Release|x86.Build.0 = Release|Any CPU
		{E9D442D4-E7A9-49AA-89D3-9E459CD926B5}.Beta|Any CPU.ActiveCfg = Debug|Any CPU
		{E9D442D4-E7A9-49AA-89D3-9E459CD926B5}.Beta|Any CPU.Build.0 = Debug|Any CPU
		{E9D442D4-E7A9-49AA-89D3-9E459CD926B5}.Beta|x86.ActiveCfg = Release|Any CPU
		{E9D442D4-E7A9-49AA-89D3-9E459CD926B5}.Beta|x86.Build.0 = Release|Any CPU
		{E9D442D4-E7A9-49AA-89D3-9E459CD926B5}.Debug_with_local_IIS|Any CPU.ActiveCfg = Debug|Any CPU
		{E9D442D4-E7A9-49AA-89D3-9E459CD926B5}.Debug_with_local_IIS|Any CPU.Build.0 = Debug|Any CPU
		{E9D442D4-E7A9-49AA-89D3-9E459CD926B5}.Debug_with_local_IIS|x86.ActiveCfg = Debug|Any CPU
		{E9D442D4-E7A9-49AA-89D3-9E459CD926B5}.Debug_with_local_IIS|x86.Build.0 = Debug|Any CPU
		{E9D442D4-E7A9-49AA-89D3-9E459CD926B5}.Debug|Any CPU.ActiveCfg = Debug|Any CPU
		{E9D442D4-E7A9-49AA-89D3-9E459CD926B5}.Debug|Any CPU.Build.0 = Debug|Any CPU
		{E9D442D4-E7A9-49AA-89D3-9E459CD926B5}.Debug|x86.ActiveCfg = Debug|Any CPU
		{E9D442D4-E7A9-49AA-89D3-9E459CD926B5}.Debug|x86.Build.0 = Debug|Any CPU
		{E9D442D4-E7A9-49AA-89D3-9E459CD926B5}.localIIS|Any CPU.ActiveCfg = Release|Any CPU
		{E9D442D4-E7A9-49AA-89D3-9E459CD926B5}.localIIS|Any CPU.Build.0 = Release|Any CPU
		{E9D442D4-E7A9-49AA-89D3-9E459CD926B5}.localIIS|x86.ActiveCfg = Release|Any CPU
		{E9D442D4-E7A9-49AA-89D3-9E459CD926B5}.localIIS|x86.Build.0 = Release|Any CPU
		{E9D442D4-E7A9-49AA-89D3-9E459CD926B5}.Release|Any CPU.ActiveCfg = Release|Any CPU
		{E9D442D4-E7A9-49AA-89D3-9E459CD926B5}.Release|Any CPU.Build.0 = Release|Any CPU
		{E9D442D4-E7A9-49AA-89D3-9E459CD926B5}.Release|x86.ActiveCfg = Release|Any CPU
		{E9D442D4-E7A9-49AA-89D3-9E459CD926B5}.Release|x86.Build.0 = Release|Any CPU
		{71E3A4B1-71F3-422C-93AB-31895043CC82}.Beta|Any CPU.ActiveCfg = Beta|Any CPU
		{71E3A4B1-71F3-422C-93AB-31895043CC82}.Beta|Any CPU.Build.0 = Beta|Any CPU
		{71E3A4B1-71F3-422C-93AB-31895043CC82}.Beta|x86.ActiveCfg = Beta|Any CPU
		{71E3A4B1-71F3-422C-93AB-31895043CC82}.Debug_with_local_IIS|Any CPU.ActiveCfg = Debug_with_local_IIS|Any CPU
		{71E3A4B1-71F3-422C-93AB-31895043CC82}.Debug_with_local_IIS|Any CPU.Build.0 = Debug_with_local_IIS|Any CPU
		{71E3A4B1-71F3-422C-93AB-31895043CC82}.Debug_with_local_IIS|x86.ActiveCfg = Debug_with_local_IIS|Any CPU
		{71E3A4B1-71F3-422C-93AB-31895043CC82}.Debug|Any CPU.ActiveCfg = Debug|Any CPU
		{71E3A4B1-71F3-422C-93AB-31895043CC82}.Debug|Any CPU.Build.0 = Debug|Any CPU
		{71E3A4B1-71F3-422C-93AB-31895043CC82}.Debug|x86.ActiveCfg = Debug|Any CPU
		{71E3A4B1-71F3-422C-93AB-31895043CC82}.localIIS|Any CPU.ActiveCfg = Release|Any CPU
		{71E3A4B1-71F3-422C-93AB-31895043CC82}.localIIS|x86.ActiveCfg = Release|Any CPU
		{71E3A4B1-71F3-422C-93AB-31895043CC82}.Release|Any CPU.ActiveCfg = Release|Any CPU
		{71E3A4B1-71F3-422C-93AB-31895043CC82}.Release|Any CPU.Build.0 = Release|Any CPU
		{71E3A4B1-71F3-422C-93AB-31895043CC82}.Release|x86.ActiveCfg = Release|Any CPU
		{3DD01775-84FA-4477-B14F-9E56E66F12D1}.Beta|Any CPU.ActiveCfg = Debug|Any CPU
		{3DD01775-84FA-4477-B14F-9E56E66F12D1}.Beta|Any CPU.Build.0 = Debug|Any CPU
		{3DD01775-84FA-4477-B14F-9E56E66F12D1}.Beta|x86.ActiveCfg = Release|Any CPU
		{3DD01775-84FA-4477-B14F-9E56E66F12D1}.Beta|x86.Build.0 = Release|Any CPU
		{3DD01775-84FA-4477-B14F-9E56E66F12D1}.Debug_with_local_IIS|Any CPU.ActiveCfg = Debug|Any CPU
		{3DD01775-84FA-4477-B14F-9E56E66F12D1}.Debug_with_local_IIS|Any CPU.Build.0 = Debug|Any CPU
		{3DD01775-84FA-4477-B14F-9E56E66F12D1}.Debug_with_local_IIS|x86.ActiveCfg = Debug|Any CPU
		{3DD01775-84FA-4477-B14F-9E56E66F12D1}.Debug_with_local_IIS|x86.Build.0 = Debug|Any CPU
		{3DD01775-84FA-4477-B14F-9E56E66F12D1}.Debug|Any CPU.ActiveCfg = Debug|Any CPU
		{3DD01775-84FA-4477-B14F-9E56E66F12D1}.Debug|Any CPU.Build.0 = Debug|Any CPU
		{3DD01775-84FA-4477-B14F-9E56E66F12D1}.Debug|x86.ActiveCfg = Debug|Any CPU
		{3DD01775-84FA-4477-B14F-9E56E66F12D1}.Debug|x86.Build.0 = Debug|Any CPU
		{3DD01775-84FA-4477-B14F-9E56E66F12D1}.localIIS|Any CPU.ActiveCfg = Release|Any CPU
		{3DD01775-84FA-4477-B14F-9E56E66F12D1}.localIIS|Any CPU.Build.0 = Release|Any CPU
		{3DD01775-84FA-4477-B14F-9E56E66F12D1}.localIIS|x86.ActiveCfg = Release|Any CPU
		{3DD01775-84FA-4477-B14F-9E56E66F12D1}.localIIS|x86.Build.0 = Release|Any CPU
		{3DD01775-84FA-4477-B14F-9E56E66F12D1}.Release|Any CPU.ActiveCfg = Release|Any CPU
		{3DD01775-84FA-4477-B14F-9E56E66F12D1}.Release|Any CPU.Build.0 = Release|Any CPU
		{3DD01775-84FA-4477-B14F-9E56E66F12D1}.Release|x86.ActiveCfg = Release|Any CPU
		{3DD01775-84FA-4477-B14F-9E56E66F12D1}.Release|x86.Build.0 = Release|Any CPU
		{95FBF6BF-D93E-4F33-8812-C91898DAC12B}.Beta|Any CPU.ActiveCfg = Debug|Any CPU
		{95FBF6BF-D93E-4F33-8812-C91898DAC12B}.Beta|Any CPU.Build.0 = Debug|Any CPU
		{95FBF6BF-D93E-4F33-8812-C91898DAC12B}.Beta|x86.ActiveCfg = Release|Any CPU
		{95FBF6BF-D93E-4F33-8812-C91898DAC12B}.Beta|x86.Build.0 = Release|Any CPU
		{95FBF6BF-D93E-4F33-8812-C91898DAC12B}.Debug_with_local_IIS|Any CPU.ActiveCfg = Debug|Any CPU
		{95FBF6BF-D93E-4F33-8812-C91898DAC12B}.Debug_with_local_IIS|Any CPU.Build.0 = Debug|Any CPU
		{95FBF6BF-D93E-4F33-8812-C91898DAC12B}.Debug_with_local_IIS|x86.ActiveCfg = Debug|Any CPU
		{95FBF6BF-D93E-4F33-8812-C91898DAC12B}.Debug_with_local_IIS|x86.Build.0 = Debug|Any CPU
		{95FBF6BF-D93E-4F33-8812-C91898DAC12B}.Debug|Any CPU.ActiveCfg = Debug|Any CPU
		{95FBF6BF-D93E-4F33-8812-C91898DAC12B}.Debug|Any CPU.Build.0 = Debug|Any CPU
		{95FBF6BF-D93E-4F33-8812-C91898DAC12B}.Debug|x86.ActiveCfg = Debug|Any CPU
		{95FBF6BF-D93E-4F33-8812-C91898DAC12B}.Debug|x86.Build.0 = Debug|Any CPU
		{95FBF6BF-D93E-4F33-8812-C91898DAC12B}.localIIS|Any CPU.ActiveCfg = Release|Any CPU
		{95FBF6BF-D93E-4F33-8812-C91898DAC12B}.localIIS|Any CPU.Build.0 = Release|Any CPU
		{95FBF6BF-D93E-4F33-8812-C91898DAC12B}.localIIS|x86.ActiveCfg = Release|Any CPU
		{95FBF6BF-D93E-4F33-8812-C91898DAC12B}.localIIS|x86.Build.0 = Release|Any CPU
		{95FBF6BF-D93E-4F33-8812-C91898DAC12B}.Release|Any CPU.ActiveCfg = Release|Any CPU
		{95FBF6BF-D93E-4F33-8812-C91898DAC12B}.Release|Any CPU.Build.0 = Release|Any CPU
		{95FBF6BF-D93E-4F33-8812-C91898DAC12B}.Release|x86.ActiveCfg = Release|Any CPU
		{95FBF6BF-D93E-4F33-8812-C91898DAC12B}.Release|x86.Build.0 = Release|Any CPU
		{3658AD4A-9FBF-4687-B698-00D46C24C144}.Beta|Any CPU.ActiveCfg = Debug|Any CPU
		{3658AD4A-9FBF-4687-B698-00D46C24C144}.Beta|Any CPU.Build.0 = Debug|Any CPU
		{3658AD4A-9FBF-4687-B698-00D46C24C144}.Beta|x86.ActiveCfg = Release|Any CPU
		{3658AD4A-9FBF-4687-B698-00D46C24C144}.Beta|x86.Build.0 = Release|Any CPU
		{3658AD4A-9FBF-4687-B698-00D46C24C144}.Debug_with_local_IIS|Any CPU.ActiveCfg = Debug|Any CPU
		{3658AD4A-9FBF-4687-B698-00D46C24C144}.Debug_with_local_IIS|Any CPU.Build.0 = Debug|Any CPU
		{3658AD4A-9FBF-4687-B698-00D46C24C144}.Debug_with_local_IIS|x86.ActiveCfg = Debug|Any CPU
		{3658AD4A-9FBF-4687-B698-00D46C24C144}.Debug_with_local_IIS|x86.Build.0 = Debug|Any CPU
		{3658AD4A-9FBF-4687-B698-00D46C24C144}.Debug|Any CPU.ActiveCfg = Debug|Any CPU
		{3658AD4A-9FBF-4687-B698-00D46C24C144}.Debug|Any CPU.Build.0 = Debug|Any CPU
		{3658AD4A-9FBF-4687-B698-00D46C24C144}.Debug|x86.ActiveCfg = Debug|Any CPU
		{3658AD4A-9FBF-4687-B698-00D46C24C144}.Debug|x86.Build.0 = Debug|Any CPU
		{3658AD4A-9FBF-4687-B698-00D46C24C144}.localIIS|Any CPU.ActiveCfg = Release|Any CPU
		{3658AD4A-9FBF-4687-B698-00D46C24C144}.localIIS|Any CPU.Build.0 = Release|Any CPU
		{3658AD4A-9FBF-4687-B698-00D46C24C144}.localIIS|x86.ActiveCfg = Release|Any CPU
		{3658AD4A-9FBF-4687-B698-00D46C24C144}.localIIS|x86.Build.0 = Release|Any CPU
		{3658AD4A-9FBF-4687-B698-00D46C24C144}.Release|Any CPU.ActiveCfg = Release|Any CPU
		{3658AD4A-9FBF-4687-B698-00D46C24C144}.Release|Any CPU.Build.0 = Release|Any CPU
		{3658AD4A-9FBF-4687-B698-00D46C24C144}.Release|x86.ActiveCfg = Release|Any CPU
		{3658AD4A-9FBF-4687-B698-00D46C24C144}.Release|x86.Build.0 = Release|Any CPU
		{78C789C2-AC8E-414C-AF72-D89E39D94BDA}.Beta|Any CPU.ActiveCfg = Debug|Any CPU
		{78C789C2-AC8E-414C-AF72-D89E39D94BDA}.Beta|Any CPU.Build.0 = Debug|Any CPU
		{78C789C2-AC8E-414C-AF72-D89E39D94BDA}.Beta|x86.ActiveCfg = Release|Any CPU
		{78C789C2-AC8E-414C-AF72-D89E39D94BDA}.Beta|x86.Build.0 = Release|Any CPU
		{78C789C2-AC8E-414C-AF72-D89E39D94BDA}.Debug_with_local_IIS|Any CPU.ActiveCfg = Debug|Any CPU
		{78C789C2-AC8E-414C-AF72-D89E39D94BDA}.Debug_with_local_IIS|Any CPU.Build.0 = Debug|Any CPU
		{78C789C2-AC8E-414C-AF72-D89E39D94BDA}.Debug_with_local_IIS|x86.ActiveCfg = Debug|Any CPU
		{78C789C2-AC8E-414C-AF72-D89E39D94BDA}.Debug_with_local_IIS|x86.Build.0 = Debug|Any CPU
		{78C789C2-AC8E-414C-AF72-D89E39D94BDA}.Debug|Any CPU.ActiveCfg = Debug|Any CPU
		{78C789C2-AC8E-414C-AF72-D89E39D94BDA}.Debug|Any CPU.Build.0 = Debug|Any CPU
		{78C789C2-AC8E-414C-AF72-D89E39D94BDA}.Debug|x86.ActiveCfg = Debug|Any CPU
		{78C789C2-AC8E-414C-AF72-D89E39D94BDA}.Debug|x86.Build.0 = Debug|Any CPU
		{78C789C2-AC8E-414C-AF72-D89E39D94BDA}.localIIS|Any CPU.ActiveCfg = Release|Any CPU
		{78C789C2-AC8E-414C-AF72-D89E39D94BDA}.localIIS|Any CPU.Build.0 = Release|Any CPU
		{78C789C2-AC8E-414C-AF72-D89E39D94BDA}.localIIS|x86.ActiveCfg = Release|Any CPU
		{78C789C2-AC8E-414C-AF72-D89E39D94BDA}.localIIS|x86.Build.0 = Release|Any CPU
		{78C789C2-AC8E-414C-AF72-D89E39D94BDA}.Release|Any CPU.ActiveCfg = Release|Any CPU
		{78C789C2-AC8E-414C-AF72-D89E39D94BDA}.Release|Any CPU.Build.0 = Release|Any CPU
		{78C789C2-AC8E-414C-AF72-D89E39D94BDA}.Release|x86.ActiveCfg = Release|Any CPU
		{78C789C2-AC8E-414C-AF72-D89E39D94BDA}.Release|x86.Build.0 = Release|Any CPU
		{FD9C6F7B-BA9B-4B52-9855-E3B4930D3213}.Beta|Any CPU.ActiveCfg = Debug|Any CPU
		{FD9C6F7B-BA9B-4B52-9855-E3B4930D3213}.Beta|Any CPU.Build.0 = Debug|Any CPU
		{FD9C6F7B-BA9B-4B52-9855-E3B4930D3213}.Beta|x86.ActiveCfg = Release|Any CPU
		{FD9C6F7B-BA9B-4B52-9855-E3B4930D3213}.Beta|x86.Build.0 = Release|Any CPU
		{FD9C6F7B-BA9B-4B52-9855-E3B4930D3213}.Debug_with_local_IIS|Any CPU.ActiveCfg = Debug|Any CPU
		{FD9C6F7B-BA9B-4B52-9855-E3B4930D3213}.Debug_with_local_IIS|Any CPU.Build.0 = Debug|Any CPU
		{FD9C6F7B-BA9B-4B52-9855-E3B4930D3213}.Debug_with_local_IIS|x86.ActiveCfg = Debug|Any CPU
		{FD9C6F7B-BA9B-4B52-9855-E3B4930D3213}.Debug_with_local_IIS|x86.Build.0 = Debug|Any CPU
		{FD9C6F7B-BA9B-4B52-9855-E3B4930D3213}.Debug|Any CPU.ActiveCfg = Debug|Any CPU
		{FD9C6F7B-BA9B-4B52-9855-E3B4930D3213}.Debug|Any CPU.Build.0 = Debug|Any CPU
		{FD9C6F7B-BA9B-4B52-9855-E3B4930D3213}.Debug|x86.ActiveCfg = Debug|Any CPU
		{FD9C6F7B-BA9B-4B52-9855-E3B4930D3213}.Debug|x86.Build.0 = Debug|Any CPU
		{FD9C6F7B-BA9B-4B52-9855-E3B4930D3213}.localIIS|Any CPU.ActiveCfg = Release|Any CPU
		{FD9C6F7B-BA9B-4B52-9855-E3B4930D3213}.localIIS|Any CPU.Build.0 = Release|Any CPU
		{FD9C6F7B-BA9B-4B52-9855-E3B4930D3213}.localIIS|x86.ActiveCfg = Release|Any CPU
		{FD9C6F7B-BA9B-4B52-9855-E3B4930D3213}.localIIS|x86.Build.0 = Release|Any CPU
		{FD9C6F7B-BA9B-4B52-9855-E3B4930D3213}.Release|Any CPU.ActiveCfg = Release|Any CPU
		{FD9C6F7B-BA9B-4B52-9855-E3B4930D3213}.Release|Any CPU.Build.0 = Release|Any CPU
		{FD9C6F7B-BA9B-4B52-9855-E3B4930D3213}.Release|x86.ActiveCfg = Release|Any CPU
		{FD9C6F7B-BA9B-4B52-9855-E3B4930D3213}.Release|x86.Build.0 = Release|Any CPU
		{8BA09406-2A32-4476-81E8-2359A85E8E5D}.Beta|Any CPU.ActiveCfg = Debug|Any CPU
		{8BA09406-2A32-4476-81E8-2359A85E8E5D}.Beta|Any CPU.Build.0 = Debug|Any CPU
		{8BA09406-2A32-4476-81E8-2359A85E8E5D}.Beta|x86.ActiveCfg = Release|Any CPU
		{8BA09406-2A32-4476-81E8-2359A85E8E5D}.Beta|x86.Build.0 = Release|Any CPU
		{8BA09406-2A32-4476-81E8-2359A85E8E5D}.Debug_with_local_IIS|Any CPU.ActiveCfg = Debug|Any CPU
		{8BA09406-2A32-4476-81E8-2359A85E8E5D}.Debug_with_local_IIS|Any CPU.Build.0 = Debug|Any CPU
		{8BA09406-2A32-4476-81E8-2359A85E8E5D}.Debug_with_local_IIS|x86.ActiveCfg = Debug|Any CPU
		{8BA09406-2A32-4476-81E8-2359A85E8E5D}.Debug_with_local_IIS|x86.Build.0 = Debug|Any CPU
		{8BA09406-2A32-4476-81E8-2359A85E8E5D}.Debug|Any CPU.ActiveCfg = Debug|Any CPU
		{8BA09406-2A32-4476-81E8-2359A85E8E5D}.Debug|Any CPU.Build.0 = Debug|Any CPU
		{8BA09406-2A32-4476-81E8-2359A85E8E5D}.Debug|x86.ActiveCfg = Debug|Any CPU
		{8BA09406-2A32-4476-81E8-2359A85E8E5D}.Debug|x86.Build.0 = Debug|Any CPU
		{8BA09406-2A32-4476-81E8-2359A85E8E5D}.localIIS|Any CPU.ActiveCfg = Release|Any CPU
		{8BA09406-2A32-4476-81E8-2359A85E8E5D}.localIIS|Any CPU.Build.0 = Release|Any CPU
		{8BA09406-2A32-4476-81E8-2359A85E8E5D}.localIIS|x86.ActiveCfg = Release|Any CPU
		{8BA09406-2A32-4476-81E8-2359A85E8E5D}.localIIS|x86.Build.0 = Release|Any CPU
		{8BA09406-2A32-4476-81E8-2359A85E8E5D}.Release|Any CPU.ActiveCfg = Release|Any CPU
		{8BA09406-2A32-4476-81E8-2359A85E8E5D}.Release|Any CPU.Build.0 = Release|Any CPU
		{8BA09406-2A32-4476-81E8-2359A85E8E5D}.Release|x86.ActiveCfg = Release|Any CPU
		{8BA09406-2A32-4476-81E8-2359A85E8E5D}.Release|x86.Build.0 = Release|Any CPU
		{4849E3AE-DF84-4724-8491-3B4876EF2EBC}.Beta|Any CPU.ActiveCfg = Debug|Any CPU
		{4849E3AE-DF84-4724-8491-3B4876EF2EBC}.Beta|Any CPU.Build.0 = Debug|Any CPU
		{4849E3AE-DF84-4724-8491-3B4876EF2EBC}.Beta|x86.ActiveCfg = Debug|Any CPU
		{4849E3AE-DF84-4724-8491-3B4876EF2EBC}.Debug_with_local_IIS|Any CPU.ActiveCfg = Debug|Any CPU
		{4849E3AE-DF84-4724-8491-3B4876EF2EBC}.Debug_with_local_IIS|Any CPU.Build.0 = Debug|Any CPU
		{4849E3AE-DF84-4724-8491-3B4876EF2EBC}.Debug_with_local_IIS|x86.ActiveCfg = Debug|Any CPU
		{4849E3AE-DF84-4724-8491-3B4876EF2EBC}.Debug|Any CPU.ActiveCfg = Debug|Any CPU
		{4849E3AE-DF84-4724-8491-3B4876EF2EBC}.Debug|Any CPU.Build.0 = Debug|Any CPU
		{4849E3AE-DF84-4724-8491-3B4876EF2EBC}.Debug|x86.ActiveCfg = Debug|Any CPU
		{4849E3AE-DF84-4724-8491-3B4876EF2EBC}.localIIS|Any CPU.ActiveCfg = Debug|Any CPU
		{4849E3AE-DF84-4724-8491-3B4876EF2EBC}.localIIS|x86.ActiveCfg = Debug|Any CPU
		{4849E3AE-DF84-4724-8491-3B4876EF2EBC}.Release|Any CPU.ActiveCfg = Release|Any CPU
		{4849E3AE-DF84-4724-8491-3B4876EF2EBC}.Release|Any CPU.Build.0 = Release|Any CPU
		{4849E3AE-DF84-4724-8491-3B4876EF2EBC}.Release|x86.ActiveCfg = Release|Any CPU
		{CFCBAEF7-4C2B-4E8B-A1BE-8DDF46EAB484}.Beta|Any CPU.ActiveCfg = Debug|Any CPU
		{CFCBAEF7-4C2B-4E8B-A1BE-8DDF46EAB484}.Beta|Any CPU.Build.0 = Debug|Any CPU
		{CFCBAEF7-4C2B-4E8B-A1BE-8DDF46EAB484}.Beta|x86.ActiveCfg = Debug|Any CPU
		{CFCBAEF7-4C2B-4E8B-A1BE-8DDF46EAB484}.Beta|x86.Build.0 = Debug|Any CPU
		{CFCBAEF7-4C2B-4E8B-A1BE-8DDF46EAB484}.Debug_with_local_IIS|Any CPU.ActiveCfg = Debug|Any CPU
		{CFCBAEF7-4C2B-4E8B-A1BE-8DDF46EAB484}.Debug_with_local_IIS|Any CPU.Build.0 = Debug|Any CPU
		{CFCBAEF7-4C2B-4E8B-A1BE-8DDF46EAB484}.Debug_with_local_IIS|x86.ActiveCfg = Debug|Any CPU
		{CFCBAEF7-4C2B-4E8B-A1BE-8DDF46EAB484}.Debug_with_local_IIS|x86.Build.0 = Debug|Any CPU
		{CFCBAEF7-4C2B-4E8B-A1BE-8DDF46EAB484}.Debug|Any CPU.ActiveCfg = Debug|Any CPU
		{CFCBAEF7-4C2B-4E8B-A1BE-8DDF46EAB484}.Debug|Any CPU.Build.0 = Debug|Any CPU
		{CFCBAEF7-4C2B-4E8B-A1BE-8DDF46EAB484}.Debug|x86.ActiveCfg = Debug|Any CPU
		{CFCBAEF7-4C2B-4E8B-A1BE-8DDF46EAB484}.Debug|x86.Build.0 = Debug|Any CPU
		{CFCBAEF7-4C2B-4E8B-A1BE-8DDF46EAB484}.localIIS|Any CPU.ActiveCfg = Debug|Any CPU
		{CFCBAEF7-4C2B-4E8B-A1BE-8DDF46EAB484}.localIIS|Any CPU.Build.0 = Debug|Any CPU
		{CFCBAEF7-4C2B-4E8B-A1BE-8DDF46EAB484}.localIIS|x86.ActiveCfg = Debug|Any CPU
		{CFCBAEF7-4C2B-4E8B-A1BE-8DDF46EAB484}.localIIS|x86.Build.0 = Debug|Any CPU
		{CFCBAEF7-4C2B-4E8B-A1BE-8DDF46EAB484}.Release|Any CPU.ActiveCfg = Release|Any CPU
		{CFCBAEF7-4C2B-4E8B-A1BE-8DDF46EAB484}.Release|Any CPU.Build.0 = Release|Any CPU
		{CFCBAEF7-4C2B-4E8B-A1BE-8DDF46EAB484}.Release|x86.ActiveCfg = Release|Any CPU
		{CFCBAEF7-4C2B-4E8B-A1BE-8DDF46EAB484}.Release|x86.Build.0 = Release|Any CPU
		{E77B3224-0CE7-4861-8B80-43EDC9FE8D50}.Beta|Any CPU.ActiveCfg = Debug|Any CPU
		{E77B3224-0CE7-4861-8B80-43EDC9FE8D50}.Beta|Any CPU.Build.0 = Debug|Any CPU
		{E77B3224-0CE7-4861-8B80-43EDC9FE8D50}.Beta|x86.ActiveCfg = Debug|Any CPU
		{E77B3224-0CE7-4861-8B80-43EDC9FE8D50}.Beta|x86.Build.0 = Debug|Any CPU
		{E77B3224-0CE7-4861-8B80-43EDC9FE8D50}.Debug_with_local_IIS|Any CPU.ActiveCfg = Debug|Any CPU
		{E77B3224-0CE7-4861-8B80-43EDC9FE8D50}.Debug_with_local_IIS|Any CPU.Build.0 = Debug|Any CPU
		{E77B3224-0CE7-4861-8B80-43EDC9FE8D50}.Debug_with_local_IIS|x86.ActiveCfg = Debug|Any CPU
		{E77B3224-0CE7-4861-8B80-43EDC9FE8D50}.Debug_with_local_IIS|x86.Build.0 = Debug|Any CPU
		{E77B3224-0CE7-4861-8B80-43EDC9FE8D50}.Debug|Any CPU.ActiveCfg = Debug|Any CPU
		{E77B3224-0CE7-4861-8B80-43EDC9FE8D50}.Debug|Any CPU.Build.0 = Debug|Any CPU
		{E77B3224-0CE7-4861-8B80-43EDC9FE8D50}.Debug|x86.ActiveCfg = Debug|Any CPU
		{E77B3224-0CE7-4861-8B80-43EDC9FE8D50}.Debug|x86.Build.0 = Debug|Any CPU
		{E77B3224-0CE7-4861-8B80-43EDC9FE8D50}.localIIS|Any CPU.ActiveCfg = Debug|Any CPU
		{E77B3224-0CE7-4861-8B80-43EDC9FE8D50}.localIIS|Any CPU.Build.0 = Debug|Any CPU
		{E77B3224-0CE7-4861-8B80-43EDC9FE8D50}.localIIS|x86.ActiveCfg = Debug|Any CPU
		{E77B3224-0CE7-4861-8B80-43EDC9FE8D50}.localIIS|x86.Build.0 = Debug|Any CPU
		{E77B3224-0CE7-4861-8B80-43EDC9FE8D50}.Release|Any CPU.ActiveCfg = Release|Any CPU
		{E77B3224-0CE7-4861-8B80-43EDC9FE8D50}.Release|Any CPU.Build.0 = Release|Any CPU
		{E77B3224-0CE7-4861-8B80-43EDC9FE8D50}.Release|x86.ActiveCfg = Release|Any CPU
		{E77B3224-0CE7-4861-8B80-43EDC9FE8D50}.Release|x86.Build.0 = Release|Any CPU
		{614DAE5F-599D-4CC8-9105-DD2E877905F8}.Beta|Any CPU.ActiveCfg = Debug|Any CPU
		{614DAE5F-599D-4CC8-9105-DD2E877905F8}.Beta|Any CPU.Build.0 = Debug|Any CPU
		{614DAE5F-599D-4CC8-9105-DD2E877905F8}.Beta|x86.ActiveCfg = Debug|Any CPU
		{614DAE5F-599D-4CC8-9105-DD2E877905F8}.Debug_with_local_IIS|Any CPU.ActiveCfg = Debug|Any CPU
		{614DAE5F-599D-4CC8-9105-DD2E877905F8}.Debug_with_local_IIS|Any CPU.Build.0 = Debug|Any CPU
		{614DAE5F-599D-4CC8-9105-DD2E877905F8}.Debug_with_local_IIS|x86.ActiveCfg = Debug|Any CPU
		{614DAE5F-599D-4CC8-9105-DD2E877905F8}.Debug|Any CPU.ActiveCfg = Debug|Any CPU
		{614DAE5F-599D-4CC8-9105-DD2E877905F8}.Debug|Any CPU.Build.0 = Debug|Any CPU
		{614DAE5F-599D-4CC8-9105-DD2E877905F8}.Debug|x86.ActiveCfg = Debug|Any CPU
		{614DAE5F-599D-4CC8-9105-DD2E877905F8}.localIIS|Any CPU.ActiveCfg = Debug|Any CPU
		{614DAE5F-599D-4CC8-9105-DD2E877905F8}.localIIS|x86.ActiveCfg = Debug|Any CPU
		{614DAE5F-599D-4CC8-9105-DD2E877905F8}.Release|Any CPU.ActiveCfg = Release|Any CPU
		{614DAE5F-599D-4CC8-9105-DD2E877905F8}.Release|Any CPU.Build.0 = Release|Any CPU
		{614DAE5F-599D-4CC8-9105-DD2E877905F8}.Release|x86.ActiveCfg = Release|Any CPU
		{CE810374-3893-42B5-A10C-85A304EC8B69}.Beta|Any CPU.ActiveCfg = Debug|Any CPU
		{CE810374-3893-42B5-A10C-85A304EC8B69}.Beta|Any CPU.Build.0 = Debug|Any CPU
		{CE810374-3893-42B5-A10C-85A304EC8B69}.Beta|x86.ActiveCfg = Debug|Any CPU
		{CE810374-3893-42B5-A10C-85A304EC8B69}.Beta|x86.Build.0 = Debug|Any CPU
		{CE810374-3893-42B5-A10C-85A304EC8B69}.Debug_with_local_IIS|Any CPU.ActiveCfg = Debug|Any CPU
		{CE810374-3893-42B5-A10C-85A304EC8B69}.Debug_with_local_IIS|Any CPU.Build.0 = Debug|Any CPU
		{CE810374-3893-42B5-A10C-85A304EC8B69}.Debug_with_local_IIS|x86.ActiveCfg = Debug|Any CPU
		{CE810374-3893-42B5-A10C-85A304EC8B69}.Debug_with_local_IIS|x86.Build.0 = Debug|Any CPU
		{CE810374-3893-42B5-A10C-85A304EC8B69}.Debug|Any CPU.ActiveCfg = Debug|Any CPU
		{CE810374-3893-42B5-A10C-85A304EC8B69}.Debug|Any CPU.Build.0 = Debug|Any CPU
		{CE810374-3893-42B5-A10C-85A304EC8B69}.Debug|x86.ActiveCfg = Debug|Any CPU
		{CE810374-3893-42B5-A10C-85A304EC8B69}.Debug|x86.Build.0 = Debug|Any CPU
		{CE810374-3893-42B5-A10C-85A304EC8B69}.localIIS|Any CPU.ActiveCfg = Debug|Any CPU
		{CE810374-3893-42B5-A10C-85A304EC8B69}.localIIS|Any CPU.Build.0 = Debug|Any CPU
		{CE810374-3893-42B5-A10C-85A304EC8B69}.localIIS|x86.ActiveCfg = Debug|Any CPU
		{CE810374-3893-42B5-A10C-85A304EC8B69}.localIIS|x86.Build.0 = Debug|Any CPU
		{CE810374-3893-42B5-A10C-85A304EC8B69}.Release|Any CPU.ActiveCfg = Release|Any CPU
		{CE810374-3893-42B5-A10C-85A304EC8B69}.Release|Any CPU.Build.0 = Release|Any CPU
		{CE810374-3893-42B5-A10C-85A304EC8B69}.Release|x86.ActiveCfg = Release|Any CPU
		{CE810374-3893-42B5-A10C-85A304EC8B69}.Release|x86.Build.0 = Release|Any CPU
		{AAE1B9BB-282C-4AEB-8870-1F5682D5BE5F}.Beta|Any CPU.ActiveCfg = Debug|Any CPU
		{AAE1B9BB-282C-4AEB-8870-1F5682D5BE5F}.Beta|Any CPU.Build.0 = Debug|Any CPU
		{AAE1B9BB-282C-4AEB-8870-1F5682D5BE5F}.Beta|x86.ActiveCfg = Debug|Any CPU
		{AAE1B9BB-282C-4AEB-8870-1F5682D5BE5F}.Beta|x86.Build.0 = Debug|Any CPU
		{AAE1B9BB-282C-4AEB-8870-1F5682D5BE5F}.Debug_with_local_IIS|Any CPU.ActiveCfg = Debug|Any CPU
		{AAE1B9BB-282C-4AEB-8870-1F5682D5BE5F}.Debug_with_local_IIS|Any CPU.Build.0 = Debug|Any CPU
		{AAE1B9BB-282C-4AEB-8870-1F5682D5BE5F}.Debug_with_local_IIS|x86.ActiveCfg = Debug|Any CPU
		{AAE1B9BB-282C-4AEB-8870-1F5682D5BE5F}.Debug_with_local_IIS|x86.Build.0 = Debug|Any CPU
		{AAE1B9BB-282C-4AEB-8870-1F5682D5BE5F}.Debug|Any CPU.ActiveCfg = Debug|Any CPU
		{AAE1B9BB-282C-4AEB-8870-1F5682D5BE5F}.Debug|Any CPU.Build.0 = Debug|Any CPU
		{AAE1B9BB-282C-4AEB-8870-1F5682D5BE5F}.Debug|x86.ActiveCfg = Debug|Any CPU
		{AAE1B9BB-282C-4AEB-8870-1F5682D5BE5F}.Debug|x86.Build.0 = Debug|Any CPU
		{AAE1B9BB-282C-4AEB-8870-1F5682D5BE5F}.localIIS|Any CPU.ActiveCfg = Debug|Any CPU
		{AAE1B9BB-282C-4AEB-8870-1F5682D5BE5F}.localIIS|Any CPU.Build.0 = Debug|Any CPU
		{AAE1B9BB-282C-4AEB-8870-1F5682D5BE5F}.localIIS|x86.ActiveCfg = Debug|Any CPU
		{AAE1B9BB-282C-4AEB-8870-1F5682D5BE5F}.localIIS|x86.Build.0 = Debug|Any CPU
		{AAE1B9BB-282C-4AEB-8870-1F5682D5BE5F}.Release|Any CPU.ActiveCfg = Release|Any CPU
		{AAE1B9BB-282C-4AEB-8870-1F5682D5BE5F}.Release|Any CPU.Build.0 = Release|Any CPU
		{AAE1B9BB-282C-4AEB-8870-1F5682D5BE5F}.Release|x86.ActiveCfg = Release|Any CPU
		{AAE1B9BB-282C-4AEB-8870-1F5682D5BE5F}.Release|x86.Build.0 = Release|Any CPU
		{8434A43D-D64F-435F-8B65-3D6FF177B6CA}.Beta|Any CPU.ActiveCfg = Debug|Any CPU
		{8434A43D-D64F-435F-8B65-3D6FF177B6CA}.Beta|Any CPU.Build.0 = Debug|Any CPU
		{8434A43D-D64F-435F-8B65-3D6FF177B6CA}.Beta|x86.ActiveCfg = Debug|x86
		{8434A43D-D64F-435F-8B65-3D6FF177B6CA}.Beta|x86.Build.0 = Debug|x86
		{8434A43D-D64F-435F-8B65-3D6FF177B6CA}.Debug_with_local_IIS|Any CPU.ActiveCfg = Debug|Any CPU
		{8434A43D-D64F-435F-8B65-3D6FF177B6CA}.Debug_with_local_IIS|Any CPU.Build.0 = Debug|Any CPU
		{8434A43D-D64F-435F-8B65-3D6FF177B6CA}.Debug_with_local_IIS|x86.ActiveCfg = Debug|x86
		{8434A43D-D64F-435F-8B65-3D6FF177B6CA}.Debug_with_local_IIS|x86.Build.0 = Debug|x86
		{8434A43D-D64F-435F-8B65-3D6FF177B6CA}.Debug|Any CPU.ActiveCfg = Debug|Any CPU
		{8434A43D-D64F-435F-8B65-3D6FF177B6CA}.Debug|Any CPU.Build.0 = Debug|Any CPU
		{8434A43D-D64F-435F-8B65-3D6FF177B6CA}.Debug|x86.ActiveCfg = Debug|x86
		{8434A43D-D64F-435F-8B65-3D6FF177B6CA}.Debug|x86.Build.0 = Debug|x86
		{8434A43D-D64F-435F-8B65-3D6FF177B6CA}.localIIS|Any CPU.ActiveCfg = localIIS|Any CPU
		{8434A43D-D64F-435F-8B65-3D6FF177B6CA}.localIIS|Any CPU.Build.0 = localIIS|Any CPU
		{8434A43D-D64F-435F-8B65-3D6FF177B6CA}.localIIS|x86.ActiveCfg = localIIS|x86
		{8434A43D-D64F-435F-8B65-3D6FF177B6CA}.localIIS|x86.Build.0 = localIIS|x86
		{8434A43D-D64F-435F-8B65-3D6FF177B6CA}.Release|Any CPU.ActiveCfg = Release|Any CPU
		{8434A43D-D64F-435F-8B65-3D6FF177B6CA}.Release|Any CPU.Build.0 = Release|Any CPU
		{8434A43D-D64F-435F-8B65-3D6FF177B6CA}.Release|x86.ActiveCfg = Release|x86
		{8434A43D-D64F-435F-8B65-3D6FF177B6CA}.Release|x86.Build.0 = Release|x86
	EndGlobalSection
	GlobalSection(SolutionProperties) = preSolution
		HideSolutionNode = FALSE
	EndGlobalSection
	GlobalSection(ExtensibilityGlobals) = postSolution
		SolutionGuid = {66326880-314B-4A32-8B9D-9177F6A2A0D7}
	EndGlobalSection
EndGlobal
